// !$*UTF8*$!
{
	archiveVersion = 1;
	classes = {
	};
	objectVersion = 50;
	objects = {

/* Begin PBXBuildFile section */
		CB9E8C8121AAB5E300C6B293 /* AppDelegate.swift in Sources */ = {isa = PBXBuildFile; fileRef = CB9E8C8021AAB5E300C6B293 /* AppDelegate.swift */; };
		CB9E8C8321AAB5E300C6B293 /* ViewController.swift in Sources */ = {isa = PBXBuildFile; fileRef = CB9E8C8221AAB5E300C6B293 /* ViewController.swift */; };
		CB9E8C8621AAB5E300C6B293 /* Main.storyboard in Resources */ = {isa = PBXBuildFile; fileRef = CB9E8C8421AAB5E300C6B293 /* Main.storyboard */; };
		CB9E8C8821AAB5E600C6B293 /* Assets.xcassets in Resources */ = {isa = PBXBuildFile; fileRef = CB9E8C8721AAB5E600C6B293 /* Assets.xcassets */; };
		CB9E8C8B21AAB5E600C6B293 /* LaunchScreen.storyboard in Resources */ = {isa = PBXBuildFile; fileRef = CB9E8C8921AAB5E600C6B293 /* LaunchScreen.storyboard */; };
		CB9E8C9321AAB74A00C6B293 /* EventRequester.swift in Sources */ = {isa = PBXBuildFile; fileRef = CB9E8C9221AAB74A00C6B293 /* EventRequester.swift */; };
/* End PBXBuildFile section */

/* Begin PBXFileReference section */
		CB9E8C7D21AAB5E300C6B293 /* シンプルなイベントリスト.app */ = {isa = PBXFileReference; explicitFileType = wrapper.application; includeInIndex = 0; path = "シンプルなイベントリスト.app"; sourceTree = BUILT_PRODUCTS_DIR; };
		CB9E8C8021AAB5E300C6B293 /* AppDelegate.swift */ = {isa = PBXFileReference; lastKnownFileType = sourcecode.swift; path = AppDelegate.swift; sourceTree = "<group>"; };
		CB9E8C8221AAB5E300C6B293 /* ViewController.swift */ = {isa = PBXFileReference; lastKnownFileType = sourcecode.swift; path = ViewController.swift; sourceTree = "<group>"; };
		CB9E8C8521AAB5E300C6B293 /* Base */ = {isa = PBXFileReference; lastKnownFileType = file.storyboard; name = Base; path = Base.lproj/Main.storyboard; sourceTree = "<group>"; };
		CB9E8C8721AAB5E600C6B293 /* Assets.xcassets */ = {isa = PBXFileReference; lastKnownFileType = folder.assetcatalog; path = Assets.xcassets; sourceTree = "<group>"; };
		CB9E8C8A21AAB5E600C6B293 /* Base */ = {isa = PBXFileReference; lastKnownFileType = file.storyboard; name = Base; path = Base.lproj/LaunchScreen.storyboard; sourceTree = "<group>"; };
		CB9E8C8C21AAB5E600C6B293 /* Info.plist */ = {isa = PBXFileReference; lastKnownFileType = text.plist.xml; path = Info.plist; sourceTree = "<group>"; };
		CB9E8C9221AAB74A00C6B293 /* EventRequester.swift */ = {isa = PBXFileReference; lastKnownFileType = sourcecode.swift; path = EventRequester.swift; sourceTree = "<group>"; };
/* End PBXFileReference section */

/* Begin PBXFrameworksBuildPhase section */
		CB9E8C7A21AAB5E300C6B293 /* Frameworks */ = {
			isa = PBXFrameworksBuildPhase;
			buildActionMask = 2147483647;
			files = (
			);
			runOnlyForDeploymentPostprocessing = 0;
		};
/* End PBXFrameworksBuildPhase section */

/* Begin PBXGroup section */
		CB9E8C7421AAB5E300C6B293 = {
			isa = PBXGroup;
			children = (
				CB9E8C7F21AAB5E300C6B293 /* シンプルなイベントリスト */,
				CB9E8C7E21AAB5E300C6B293 /* Products */,
			);
			sourceTree = "<group>";
		};
		CB9E8C7E21AAB5E300C6B293 /* Products */ = {
			isa = PBXGroup;
			children = (
				CB9E8C7D21AAB5E300C6B293 /* シンプルなイベントリスト.app */,
			);
			name = Products;
			sourceTree = "<group>";
		};
		CB9E8C7F21AAB5E300C6B293 /* シンプルなイベントリスト */ = {
			isa = PBXGroup;
			children = (
				CB9E8C8021AAB5E300C6B293 /* AppDelegate.swift */,
				CB9E8C8221AAB5E300C6B293 /* ViewController.swift */,
				CB9E8C9221AAB74A00C6B293 /* EventRequester.swift */,
				CB9E8C8421AAB5E300C6B293 /* Main.storyboard */,
				CB9E8C8721AAB5E600C6B293 /* Assets.xcassets */,
				CB9E8C8921AAB5E600C6B293 /* LaunchScreen.storyboard */,
				CB9E8C8C21AAB5E600C6B293 /* Info.plist */,
			);
			path = "シンプルなイベントリスト";
			sourceTree = "<group>";
		};
/* End PBXGroup section */

/* Begin PBXNativeTarget section */
		CB9E8C7C21AAB5E300C6B293 /* シンプルなイベントリスト */ = {
			isa = PBXNativeTarget;
			buildConfigurationList = CB9E8C8F21AAB5E600C6B293 /* Build configuration list for PBXNativeTarget "シンプルなイベントリスト" */;
			buildPhases = (
				CB9E8C7921AAB5E300C6B293 /* Sources */,
				CB9E8C7A21AAB5E300C6B293 /* Frameworks */,
				CB9E8C7B21AAB5E300C6B293 /* Resources */,
			);
			buildRules = (
			);
			dependencies = (
			);
			name = "シンプルなイベントリスト";
			productName = "シンプルなイベントリスト";
			productReference = CB9E8C7D21AAB5E300C6B293 /* シンプルなイベントリスト.app */;
			productType = "com.apple.product-type.application";
		};
/* End PBXNativeTarget section */

/* Begin PBXProject section */
		CB9E8C7521AAB5E300C6B293 /* Project object */ = {
			isa = PBXProject;
			attributes = {
				LastSwiftUpdateCheck = 1010;
				LastUpgradeCheck = 1010;
				ORGANIZATIONNAME = "野崎勇樹";
				TargetAttributes = {
					CB9E8C7C21AAB5E300C6B293 = {
						CreatedOnToolsVersion = 10.1;
					};
				};
			};
			buildConfigurationList = CB9E8C7821AAB5E300C6B293 /* Build configuration list for PBXProject "シンプルなイベントリスト" */;
			compatibilityVersion = "Xcode 9.3";
			developmentRegion = en;
			hasScannedForEncodings = 0;
			knownRegions = (
				en,
				Base,
			);
			mainGroup = CB9E8C7421AAB5E300C6B293;
			productRefGroup = CB9E8C7E21AAB5E300C6B293 /* Products */;
			projectDirPath = "";
			projectRoot = "";
			targets = (
				CB9E8C7C21AAB5E300C6B293 /* シンプルなイベントリスト */,
			);
		};
/* End PBXProject section */

/* Begin PBXResourcesBuildPhase section */
		CB9E8C7B21AAB5E300C6B293 /* Resources */ = {
			isa = PBXResourcesBuildPhase;
			buildActionMask = 2147483647;
			files = (
				CB9E8C8B21AAB5E600C6B293 /* LaunchScreen.storyboard in Resources */,
				CB9E8C8821AAB5E600C6B293 /* Assets.xcassets in Resources */,
				CB9E8C8621AAB5E300C6B293 /* Main.storyboard in Resources */,
			);
			runOnlyForDeploymentPostprocessing = 0;
		};
/* End PBXResourcesBuildPhase section */

/* Begin PBXSourcesBuildPhase section */
		CB9E8C7921AAB5E300C6B293 /* Sources */ = {
			isa = PBXSourcesBuildPhase;
			buildActionMask = 2147483647;
			files = (
				CB9E8C8321AAB5E300C6B293 /* ViewController.swift in Sources */,
				CB9E8C9321AAB74A00C6B293 /* EventRequester.swift in Sources */,
				CB9E8C8121AAB5E300C6B293 /* AppDelegate.swift in Sources */,
			);
			runOnlyForDeploymentPostprocessing = 0;
		};
/* End PBXSourcesBuildPhase section */

/* Begin PBXVariantGroup section */
		CB9E8C8421AAB5E300C6B293 /* Main.storyboard */ = {
			isa = PBXVariantGroup;
			children = (
				CB9E8C8521AAB5E300C6B293 /* Base */,
			);
			name = Main.storyboard;
			sourceTree = "<group>";
		};
		CB9E8C8921AAB5E600C6B293 /* LaunchScreen.storyboard */ = {
			isa = PBXVariantGroup;
			children = (
				CB9E8C8A21AAB5E600C6B293 /* Base */,
			);
			name = LaunchScreen.storyboard;
			sourceTree = "<group>";
		};
/* End PBXVariantGroup section */

/* Begin XCBuildConfiguration section */
		CB9E8C8D21AAB5E600C6B293 /* Debug */ = {
			isa = XCBuildConfiguration;
			buildSettings = {
				ALWAYS_SEARCH_USER_PATHS = NO;
				CLANG_ANALYZER_NONNULL = YES;
				CLANG_ANALYZER_NUMBER_OBJECT_CONVERSION = YES_AGGRESSIVE;
				CLANG_CXX_LANGUAGE_STANDARD = "gnu++14";
				CLANG_CXX_LIBRARY = "libc++";
				CLANG_ENABLE_MODULES = YES;
				CLANG_ENABLE_OBJC_ARC = YES;
				CLANG_ENABLE_OBJC_WEAK = YES;
				CLANG_WARN_BLOCK_CAPTURE_AUTORELEASING = YES;
				CLANG_WARN_BOOL_CONVERSION = YES;
				CLANG_WARN_COMMA = YES;
				CLANG_WARN_CONSTANT_CONVERSION = YES;
				CLANG_WARN_DEPRECATED_OBJC_IMPLEMENTATIONS = YES;
				CLANG_WARN_DIRECT_OBJC_ISA_USAGE = YES_ERROR;
				CLANG_WARN_DOCUMENTATION_COMMENTS = YES;
				CLANG_WARN_EMPTY_BODY = YES;
				CLANG_WARN_ENUM_CONVERSION = YES;
				CLANG_WARN_INFINITE_RECURSION = YES;
				CLANG_WARN_INT_CONVERSION = YES;
				CLANG_WARN_NON_LITERAL_NULL_CONVERSION = YES;
				CLANG_WARN_OBJC_IMPLICIT_RETAIN_SELF = YES;
				CLANG_WARN_OBJC_LITERAL_CONVERSION = YES;
				CLANG_WARN_OBJC_ROOT_CLASS = YES_ERROR;
				CLANG_WARN_RANGE_LOOP_ANALYSIS = YES;
				CLANG_WARN_STRICT_PROTOTYPES = YES;
				CLANG_WARN_SUSPICIOUS_MOVE = YES;
				CLANG_WARN_UNGUARDED_AVAILABILITY = YES_AGGRESSIVE;
				CLANG_WARN_UNREACHABLE_CODE = YES;
				CLANG_WARN__DUPLICATE_METHOD_MATCH = YES;
				CODE_SIGN_IDENTITY = "iPhone Developer";
				COPY_PHASE_STRIP = NO;
				DEBUG_INFORMATION_FORMAT = dwarf;
				ENABLE_STRICT_OBJC_MSGSEND = YES;
				ENABLE_TESTABILITY = YES;
				GCC_C_LANGUAGE_STANDARD = gnu11;
				GCC_DYNAMIC_NO_PIC = NO;
				GCC_NO_COMMON_BLOCKS = YES;
				GCC_OPTIMIZATION_LEVEL = 0;
				GCC_PREPROCESSOR_DEFINITIONS = (
					"DEBUG=1",
					"$(inherited)",
				);
				GCC_WARN_64_TO_32_BIT_CONVERSION = YES;
				GCC_WARN_ABOUT_RETURN_TYPE = YES_ERROR;
				GCC_WARN_UNDECLARED_SELECTOR = YES;
				GCC_WARN_UNINITIALIZED_AUTOS = YES_AGGRESSIVE;
				GCC_WARN_UNUSED_FUNCTION = YES;
				GCC_WARN_UNUSED_VARIABLE = YES;
				IPHONEOS_DEPLOYMENT_TARGET = 12.1;
				MTL_ENABLE_DEBUG_INFO = INCLUDE_SOURCE;
				MTL_FAST_MATH = YES;
				ONLY_ACTIVE_ARCH = YES;
				SDKROOT = iphoneos;
				SWIFT_ACTIVE_COMPILATION_CONDITIONS = DEBUG;
				SWIFT_OPTIMIZATION_LEVEL = "-Onone";
			};
			name = Debug;
		};
		CB9E8C8E21AAB5E600C6B293 /* Release */ = {
			isa = XCBuildConfiguration;
			buildSettings = {
				ALWAYS_SEARCH_USER_PATHS = NO;
				CLANG_ANALYZER_NONNULL = YES;
				CLANG_ANALYZER_NUMBER_OBJECT_CONVERSION = YES_AGGRESSIVE;
				CLANG_CXX_LANGUAGE_STANDARD = "gnu++14";
				CLANG_CXX_LIBRARY = "libc++";
				CLANG_ENABLE_MODULES = YES;
				CLANG_ENABLE_OBJC_ARC = YES;
				CLANG_ENABLE_OBJC_WEAK = YES;
				CLANG_WARN_BLOCK_CAPTURE_AUTORELEASING = YES;
				CLANG_WARN_BOOL_CONVERSION = YES;
				CLANG_WARN_COMMA = YES;
				CLANG_WARN_CONSTANT_CONVERSION = YES;
				CLANG_WARN_DEPRECATED_OBJC_IMPLEMENTATIONS = YES;
				CLANG_WARN_DIRECT_OBJC_ISA_USAGE = YES_ERROR;
				CLANG_WARN_DOCUMENTATION_COMMENTS = YES;
				CLANG_WARN_EMPTY_BODY = YES;
				CLANG_WARN_ENUM_CONVERSION = YES;
				CLANG_WARN_INFINITE_RECURSION = YES;
				CLANG_WARN_INT_CONVERSION = YES;
				CLANG_WARN_NON_LITERAL_NULL_CONVERSION = YES;
				CLANG_WARN_OBJC_IMPLICIT_RETAIN_SELF = YES;
				CLANG_WARN_OBJC_LITERAL_CONVERSION = YES;
				CLANG_WARN_OBJC_ROOT_CLASS = YES_ERROR;
				CLANG_WARN_RANGE_LOOP_ANALYSIS = YES;
				CLANG_WARN_STRICT_PROTOTYPES = YES;
				CLANG_WARN_SUSPICIOUS_MOVE = YES;
				CLANG_WARN_UNGUARDED_AVAILABILITY = YES_AGGRESSIVE;
				CLANG_WARN_UNREACHABLE_CODE = YES;
				CLANG_WARN__DUPLICATE_METHOD_MATCH = YES;
				CODE_SIGN_IDENTITY = "iPhone Developer";
				COPY_PHASE_STRIP = NO;
				DEBUG_INFORMATION_FORMAT = "dwarf-with-dsym";
				ENABLE_NS_ASSERTIONS = NO;
				ENABLE_STRICT_OBJC_MSGSEND = YES;
				GCC_C_LANGUAGE_STANDARD = gnu11;
				GCC_NO_COMMON_BLOCKS = YES;
				GCC_WARN_64_TO_32_BIT_CONVERSION = YES;
				GCC_WARN_ABOUT_RETURN_TYPE = YES_ERROR;
				GCC_WARN_UNDECLARED_SELECTOR = YES;
				GCC_WARN_UNINITIALIZED_AUTOS = YES_AGGRESSIVE;
				GCC_WARN_UNUSED_FUNCTION = YES;
				GCC_WARN_UNUSED_VARIABLE = YES;
				IPHONEOS_DEPLOYMENT_TARGET = 12.1;
				MTL_ENABLE_DEBUG_INFO = NO;
				MTL_FAST_MATH = YES;
				SDKROOT = iphoneos;
				SWIFT_COMPILATION_MODE = wholemodule;
				SWIFT_OPTIMIZATION_LEVEL = "-O";
				VALIDATE_PRODUCT = YES;
			};
			name = Release;
		};
		CB9E8C9021AAB5E600C6B293 /* Debug */ = {
			isa = XCBuildConfiguration;
			buildSettings = {
				ASSETCATALOG_COMPILER_APPICON_NAME = AppIcon;
				CODE_SIGN_STYLE = Automatic;
				DEVELOPMENT_TEAM = 7HD34248KJ;
				INFOPLIST_FILE = "シンプルなイベントリスト/Info.plist";
				LD_RUNPATH_SEARCH_PATHS = (
					"$(inherited)",
					"@executable_path/Frameworks",
				);
				PRODUCT_BUNDLE_IDENTIFIER = "NewBlueBerry.--------------";
				PRODUCT_NAME = "$(TARGET_NAME)";
				SWIFT_VERSION = 4.2;
				TARGETED_DEVICE_FAMILY = "1,2";
			};
			name = Debug;
		};
		CB9E8C9121AAB5E600C6B293 /* Release */ = {
			isa = XCBuildConfiguration;
			buildSettings = {
				ASSETCATALOG_COMPILER_APPICON_NAME = AppIcon;
				CODE_SIGN_STYLE = Automatic;
				DEVELOPMENT_TEAM = 7HD34248KJ;
				INFOPLIST_FILE = "シンプルなイベントリスト/Info.plist";
				LD_RUNPATH_SEARCH_PATHS = (
					"$(inherited)",
					"@executable_path/Frameworks",
				);
				PRODUCT_BUNDLE_IDENTIFIER = "NewBlueBerry.--------------";
				PRODUCT_NAME = "$(TARGET_NAME)";
				SWIFT_VERSION = 4.2;
				TARGETED_DEVICE_FAMILY = "1,2";
			};
			name = Release;
		};
/* End XCBuildConfiguration section */

/* Begin XCConfigurationList section */
		CB9E8C7821AAB5E300C6B293 /* Build configuration list for PBXProject "シンプルなイベントリスト" */ = {
			isa = XCConfigurationList;
			buildConfigurations = (
				CB9E8C8D21AAB5E600C6B293 /* Debug */,
				CB9E8C8E21AAB5E600C6B293 /* Release */,
			);
			defaultConfigurationIsVisible = 0;
			defaultConfigurationName = Release;
		};
		CB9E8C8F21AAB5E600C6B293 /* Build configuration list for PBXNativeTarget "シンプルなイベントリスト" */ = {
			isa = XCConfigurationList;
			buildConfigurations = (
				CB9E8C9021AAB5E600C6B293 /* Debug */,
				CB9E8C9121AAB5E600C6B293 /* Release */,
			);
			defaultConfigurationIsVisible = 0;
			defaultConfigurationName = Release;
		};
/* End XCConfigurationList section */
	};
	rootObject = CB9E8C7521AAB5E300C6B293 /* Project object */;
}
