// !$*UTF8*$!
{
	archiveVersion = 1;
	classes = {
	};
	objectVersion = 50;
	objects = {

/* Begin PBXBuildFile section */
		0F601004041DF7757608A63D /* Pods_EventLists.framework in Frameworks */ = {isa = PBXBuildFile; fileRef = AF5D0DA10DAA47F9C48E0651 /* Pods_EventLists.framework */; };
		CB21CB7D21BD141700BDC23F /* EventListViewController.swift in Sources */ = {isa = PBXBuildFile; fileRef = CB21CB7C21BD141700BDC23F /* EventListViewController.swift */; };
		CB25750D21B2B2F900D6C29A /* AppDelegate.swift in Sources */ = {isa = PBXBuildFile; fileRef = CB25750C21B2B2F900D6C29A /* AppDelegate.swift */; };
		CB25750F21B2B2F900D6C29A /* ViewController.swift in Sources */ = {isa = PBXBuildFile; fileRef = CB25750E21B2B2F900D6C29A /* ViewController.swift */; };
		CB25751221B2B2F900D6C29A /* Main.storyboard in Resources */ = {isa = PBXBuildFile; fileRef = CB25751021B2B2F900D6C29A /* Main.storyboard */; };
		CB25751421B2B2FF00D6C29A /* Assets.xcassets in Resources */ = {isa = PBXBuildFile; fileRef = CB25751321B2B2FF00D6C29A /* Assets.xcassets */; };
		CB25751721B2B2FF00D6C29A /* LaunchScreen.storyboard in Resources */ = {isa = PBXBuildFile; fileRef = CB25751521B2B2FF00D6C29A /* LaunchScreen.storyboard */; };
		CB2EB1B421FDA5FB006B5900 /* GIFViewController.swift in Sources */ = {isa = PBXBuildFile; fileRef = CB2EB1B321FDA5FB006B5900 /* GIFViewController.swift */; };
		CB2EB1B721FDA6EF006B5900 /* Rotating_earth.gif in Resources */ = {isa = PBXBuildFile; fileRef = CB2EB1B621FDA6EF006B5900 /* Rotating_earth.gif */; };
		CB34711621EA120200F1A214 /* CountryStateEnum.swift in Sources */ = {isa = PBXBuildFile; fileRef = CB34711521EA120200F1A214 /* CountryStateEnum.swift */; };
		CB3D394B21CCD34B00FA94DE /* EventListViewCell.swift in Sources */ = {isa = PBXBuildFile; fileRef = CB3D394921CCD34B00FA94DE /* EventListViewCell.swift */; };
		CB3D394C21CCD34B00FA94DE /* EventListViewCell.xib in Resources */ = {isa = PBXBuildFile; fileRef = CB3D394A21CCD34B00FA94DE /* EventListViewCell.xib */; };
		CB413CE021D10D7700645933 /* IndicatorViewCell.swift in Sources */ = {isa = PBXBuildFile; fileRef = CB413CDE21D10D7700645933 /* IndicatorViewCell.swift */; };
		CB413CE121D10D7700645933 /* IndicatorViewCell.xib in Resources */ = {isa = PBXBuildFile; fileRef = CB413CDF21D10D7700645933 /* IndicatorViewCell.xib */; };
		CB8B42DC21B2B37B009ADB67 /* EventRequester.swift in Sources */ = {isa = PBXBuildFile; fileRef = CB8B42DB21B2B37B009ADB67 /* EventRequester.swift */; };
		CB8B42DE21B2BCE1009ADB67 /* ViewModel.swift in Sources */ = {isa = PBXBuildFile; fileRef = CB8B42DD21B2BCE1009ADB67 /* ViewModel.swift */; };
/* End PBXBuildFile section */

/* Begin PBXFileReference section */
		7E06AAE0EA383ED9C2D66726 /* Pods-EventLists.release.xcconfig */ = {isa = PBXFileReference; includeInIndex = 1; lastKnownFileType = text.xcconfig; name = "Pods-EventLists.release.xcconfig"; path = "Pods/Target Support Files/Pods-EventLists/Pods-EventLists.release.xcconfig"; sourceTree = "<group>"; };
		AF5D0DA10DAA47F9C48E0651 /* Pods_EventLists.framework */ = {isa = PBXFileReference; explicitFileType = wrapper.framework; includeInIndex = 0; path = Pods_EventLists.framework; sourceTree = BUILT_PRODUCTS_DIR; };
		B3E8F746C62EA465A1B7EC5B /* Pods-EventLists.debug.xcconfig */ = {isa = PBXFileReference; includeInIndex = 1; lastKnownFileType = text.xcconfig; name = "Pods-EventLists.debug.xcconfig"; path = "Pods/Target Support Files/Pods-EventLists/Pods-EventLists.debug.xcconfig"; sourceTree = "<group>"; };
		CB21CB7C21BD141700BDC23F /* EventListViewController.swift */ = {isa = PBXFileReference; lastKnownFileType = sourcecode.swift; path = EventListViewController.swift; sourceTree = "<group>"; };
		CB25750921B2B2F900D6C29A /* EventLists.app */ = {isa = PBXFileReference; explicitFileType = wrapper.application; includeInIndex = 0; path = EventLists.app; sourceTree = BUILT_PRODUCTS_DIR; };
		CB25750C21B2B2F900D6C29A /* AppDelegate.swift */ = {isa = PBXFileReference; lastKnownFileType = sourcecode.swift; path = AppDelegate.swift; sourceTree = "<group>"; };
		CB25750E21B2B2F900D6C29A /* ViewController.swift */ = {isa = PBXFileReference; lastKnownFileType = sourcecode.swift; path = ViewController.swift; sourceTree = "<group>"; };
		CB25751121B2B2F900D6C29A /* Base */ = {isa = PBXFileReference; lastKnownFileType = file.storyboard; name = Base; path = Base.lproj/Main.storyboard; sourceTree = "<group>"; };
		CB25751321B2B2FF00D6C29A /* Assets.xcassets */ = {isa = PBXFileReference; lastKnownFileType = folder.assetcatalog; path = Assets.xcassets; sourceTree = "<group>"; };
		CB25751621B2B2FF00D6C29A /* Base */ = {isa = PBXFileReference; lastKnownFileType = file.storyboard; name = Base; path = Base.lproj/LaunchScreen.storyboard; sourceTree = "<group>"; };
		CB25751821B2B2FF00D6C29A /* Info.plist */ = {isa = PBXFileReference; lastKnownFileType = text.plist.xml; path = Info.plist; sourceTree = "<group>"; };
		CB2EB1B321FDA5FB006B5900 /* GIFViewController.swift */ = {isa = PBXFileReference; lastKnownFileType = sourcecode.swift; path = GIFViewController.swift; sourceTree = "<group>"; };
		CB2EB1B621FDA6EF006B5900 /* Rotating_earth.gif */ = {isa = PBXFileReference; lastKnownFileType = image.gif; path = Rotating_earth.gif; sourceTree = "<group>"; };
		CB2EB1B821FDB061006B5900 /* Bridging-Header.h */ = {isa = PBXFileReference; lastKnownFileType = sourcecode.c.h; path = "Bridging-Header.h"; sourceTree = "<group>"; };
		CB34711521EA120200F1A214 /* CountryStateEnum.swift */ = {isa = PBXFileReference; lastKnownFileType = sourcecode.swift; path = CountryStateEnum.swift; sourceTree = "<group>"; };
		CB3D394921CCD34B00FA94DE /* EventListViewCell.swift */ = {isa = PBXFileReference; lastKnownFileType = sourcecode.swift; path = EventListViewCell.swift; sourceTree = "<group>"; };
		CB3D394A21CCD34B00FA94DE /* EventListViewCell.xib */ = {isa = PBXFileReference; lastKnownFileType = file.xib; path = EventListViewCell.xib; sourceTree = "<group>"; };
		CB413CDE21D10D7700645933 /* IndicatorViewCell.swift */ = {isa = PBXFileReference; lastKnownFileType = sourcecode.swift; path = IndicatorViewCell.swift; sourceTree = "<group>"; };
		CB413CDF21D10D7700645933 /* IndicatorViewCell.xib */ = {isa = PBXFileReference; lastKnownFileType = file.xib; path = IndicatorViewCell.xib; sourceTree = "<group>"; };
		CB8B42DB21B2B37B009ADB67 /* EventRequester.swift */ = {isa = PBXFileReference; fileEncoding = 4; lastKnownFileType = sourcecode.swift; path = EventRequester.swift; sourceTree = "<group>"; };
		CB8B42DD21B2BCE1009ADB67 /* ViewModel.swift */ = {isa = PBXFileReference; lastKnownFileType = sourcecode.swift; path = ViewModel.swift; sourceTree = "<group>"; };
/* End PBXFileReference section */

/* Begin PBXFrameworksBuildPhase section */
		CB25750621B2B2F900D6C29A /* Frameworks */ = {
			isa = PBXFrameworksBuildPhase;
			buildActionMask = 2147483647;
			files = (
				0F601004041DF7757608A63D /* Pods_EventLists.framework in Frameworks */,
			);
			runOnlyForDeploymentPostprocessing = 0;
		};
/* End PBXFrameworksBuildPhase section */

/* Begin PBXGroup section */
		17027C7A42D9A58DAEBCB93D /* Pods */ = {
			isa = PBXGroup;
			children = (
				B3E8F746C62EA465A1B7EC5B /* Pods-EventLists.debug.xcconfig */,
				7E06AAE0EA383ED9C2D66726 /* Pods-EventLists.release.xcconfig */,
			);
			name = Pods;
			sourceTree = "<group>";
		};
		733141C370AAEC5221B88543 /* Frameworks */ = {
			isa = PBXGroup;
			children = (
				AF5D0DA10DAA47F9C48E0651 /* Pods_EventLists.framework */,
			);
			name = Frameworks;
			sourceTree = "<group>";
		};
		CB25750021B2B2F900D6C29A = {
			isa = PBXGroup;
			children = (
				CB25750B21B2B2F900D6C29A /* EventLists */,
				CB25750A21B2B2F900D6C29A /* Products */,
				17027C7A42D9A58DAEBCB93D /* Pods */,
				733141C370AAEC5221B88543 /* Frameworks */,
			);
			sourceTree = "<group>";
		};
		CB25750A21B2B2F900D6C29A /* Products */ = {
			isa = PBXGroup;
			children = (
				CB25750921B2B2F900D6C29A /* EventLists.app */,
			);
			name = Products;
			sourceTree = "<group>";
		};
		CB25750B21B2B2F900D6C29A /* EventLists */ = {
			isa = PBXGroup;
			children = (
				CB25750C21B2B2F900D6C29A /* AppDelegate.swift */,
				CB25750E21B2B2F900D6C29A /* ViewController.swift */,
				CB8B42DD21B2BCE1009ADB67 /* ViewModel.swift */,
				CB2EB1B921FDB8CB006B5900 /* EventList */,
				CB2EB1B321FDA5FB006B5900 /* GIFViewController.swift */,
				CB34711521EA120200F1A214 /* CountryStateEnum.swift */,
				CB2EB1B821FDB061006B5900 /* Bridging-Header.h */,
				CB25751021B2B2F900D6C29A /* Main.storyboard */,
				CB25751321B2B2FF00D6C29A /* Assets.xcassets */,
				CB25751521B2B2FF00D6C29A /* LaunchScreen.storyboard */,
				CB2EB1B521FDA6EF006B5900 /* Resource */,
				CB25751821B2B2FF00D6C29A /* Info.plist */,
			);
			path = EventLists;
			sourceTree = "<group>";
		};
		CB2EB1B521FDA6EF006B5900 /* Resource */ = {
			isa = PBXGroup;
			children = (
				CB2EB1B621FDA6EF006B5900 /* Rotating_earth.gif */,
			);
			path = Resource;
			sourceTree = "<group>";
		};
		CB2EB1B921FDB8CB006B5900 /* EventList */ = {
			isa = PBXGroup;
			children = (
				CB21CB7C21BD141700BDC23F /* EventListViewController.swift */,
				CB8B42DB21B2B37B009ADB67 /* EventRequester.swift */,
				CB2EB1BA21FDB8EA006B5900 /* Cell */,
			);
			path = EventList;
			sourceTree = "<group>";
		};
		CB2EB1BA21FDB8EA006B5900 /* Cell */ = {
			isa = PBXGroup;
			children = (
				CB3D394921CCD34B00FA94DE /* EventListViewCell.swift */,
				CB3D394A21CCD34B00FA94DE /* EventListViewCell.xib */,
				CB413CDE21D10D7700645933 /* IndicatorViewCell.swift */,
				CB413CDF21D10D7700645933 /* IndicatorViewCell.xib */,
			);
			path = Cell;
			sourceTree = "<group>";
		};
/* End PBXGroup section */

/* Begin PBXNativeTarget section */
		CB25750821B2B2F900D6C29A /* EventLists */ = {
			isa = PBXNativeTarget;
			buildConfigurationList = CB25751B21B2B2FF00D6C29A /* Build configuration list for PBXNativeTarget "EventLists" */;
			buildPhases = (
				C6B1C9CA3FE380E36646C38F /* [CP] Check Pods Manifest.lock */,
				CB25750521B2B2F900D6C29A /* Sources */,
				CB25750621B2B2F900D6C29A /* Frameworks */,
				CB25750721B2B2F900D6C29A /* Resources */,
				CA789E231DCFF18DCDFC4C06 /* [CP] Embed Pods Frameworks */,
				9FB5596E01E8D5AB7AB0C365 /* [CP] Copy Pods Resources */,
			);
			buildRules = (
			);
			dependencies = (
			);
			name = EventLists;
			productName = EventLists;
			productReference = CB25750921B2B2F900D6C29A /* EventLists.app */;
			productType = "com.apple.product-type.application";
		};
/* End PBXNativeTarget section */

/* Begin PBXProject section */
		CB25750121B2B2F900D6C29A /* Project object */ = {
			isa = PBXProject;
			attributes = {
				LastSwiftUpdateCheck = 1010;
				LastUpgradeCheck = 1010;
				ORGANIZATIONNAME = "野崎勇樹";
				TargetAttributes = {
					CB25750821B2B2F900D6C29A = {
						CreatedOnToolsVersion = 10.1;
					};
				};
			};
			buildConfigurationList = CB25750421B2B2F900D6C29A /* Build configuration list for PBXProject "EventLists" */;
			compatibilityVersion = "Xcode 9.3";
			developmentRegion = en;
			hasScannedForEncodings = 0;
			knownRegions = (
				en,
				Base,
			);
			mainGroup = CB25750021B2B2F900D6C29A;
			productRefGroup = CB25750A21B2B2F900D6C29A /* Products */;
			projectDirPath = "";
			projectRoot = "";
			targets = (
				CB25750821B2B2F900D6C29A /* EventLists */,
			);
		};
/* End PBXProject section */

/* Begin PBXResourcesBuildPhase section */
		CB25750721B2B2F900D6C29A /* Resources */ = {
			isa = PBXResourcesBuildPhase;
			buildActionMask = 2147483647;
			files = (
				CB413CE121D10D7700645933 /* IndicatorViewCell.xib in Resources */,
				CB25751721B2B2FF00D6C29A /* LaunchScreen.storyboard in Resources */,
				CB25751421B2B2FF00D6C29A /* Assets.xcassets in Resources */,
				CB25751221B2B2F900D6C29A /* Main.storyboard in Resources */,
				CB3D394C21CCD34B00FA94DE /* EventListViewCell.xib in Resources */,
				CB2EB1B721FDA6EF006B5900 /* Rotating_earth.gif in Resources */,
			);
			runOnlyForDeploymentPostprocessing = 0;
		};
/* End PBXResourcesBuildPhase section */

/* Begin PBXShellScriptBuildPhase section */
		9FB5596E01E8D5AB7AB0C365 /* [CP] Copy Pods Resources */ = {
			isa = PBXShellScriptBuildPhase;
			buildActionMask = 2147483647;
			files = (
			);
			inputPaths = (
			);
			name = "[CP] Copy Pods Resources";
			outputPaths = (
			);
			runOnlyForDeploymentPostprocessing = 0;
			shellPath = /bin/sh;
			shellScript = "\"${SRCROOT}/Pods/Target Support Files/Pods-EventLists/Pods-EventLists-resources.sh\"\n";
			showEnvVarsInLog = 0;
		};
		C6B1C9CA3FE380E36646C38F /* [CP] Check Pods Manifest.lock */ = {
			isa = PBXShellScriptBuildPhase;
			buildActionMask = 2147483647;
			files = (
			);
			inputPaths = (
				"${PODS_PODFILE_DIR_PATH}/Podfile.lock",
				"${PODS_ROOT}/Manifest.lock",
			);
			name = "[CP] Check Pods Manifest.lock";
			outputPaths = (
				"$(DERIVED_FILE_DIR)/Pods-EventLists-checkManifestLockResult.txt",
			);
			runOnlyForDeploymentPostprocessing = 0;
			shellPath = /bin/sh;
			shellScript = "diff \"${PODS_PODFILE_DIR_PATH}/Podfile.lock\" \"${PODS_ROOT}/Manifest.lock\" > /dev/null\nif [ $? != 0 ] ; then\n    # print error to STDERR\n    echo \"error: The sandbox is not in sync with the Podfile.lock. Run 'pod install' or update your CocoaPods installation.\" >&2\n    exit 1\nfi\n# This output is used by Xcode 'outputs' to avoid re-running this script phase.\necho \"SUCCESS\" > \"${SCRIPT_OUTPUT_FILE_0}\"\n";
			showEnvVarsInLog = 0;
		};
		CA789E231DCFF18DCDFC4C06 /* [CP] Embed Pods Frameworks */ = {
			isa = PBXShellScriptBuildPhase;
			buildActionMask = 2147483647;
			files = (
			);
			inputPaths = (
				"${SRCROOT}/Pods/Target Support Files/Pods-EventLists/Pods-EventLists-frameworks.sh",
				"${BUILT_PRODUCTS_DIR}/SwiftyGif/SwiftyGif.framework",
			);
			name = "[CP] Embed Pods Frameworks";
			outputPaths = (
				"${TARGET_BUILD_DIR}/${FRAMEWORKS_FOLDER_PATH}/SwiftyGif.framework",
			);
			runOnlyForDeploymentPostprocessing = 0;
			shellPath = /bin/sh;
			shellScript = "\"${SRCROOT}/Pods/Target Support Files/Pods-EventLists/Pods-EventLists-frameworks.sh\"\n";
			showEnvVarsInLog = 0;
		};
/* End PBXShellScriptBuildPhase section */

/* Begin PBXSourcesBuildPhase section */
		CB25750521B2B2F900D6C29A /* Sources */ = {
			isa = PBXSourcesBuildPhase;
			buildActionMask = 2147483647;
			files = (
				CB21CB7D21BD141700BDC23F /* EventListViewController.swift in Sources */,
				CB413CE021D10D7700645933 /* IndicatorViewCell.swift in Sources */,
				CB25750F21B2B2F900D6C29A /* ViewController.swift in Sources */,
				CB34711621EA120200F1A214 /* CountryStateEnum.swift in Sources */,
				CB8B42DC21B2B37B009ADB67 /* EventRequester.swift in Sources */,
				CB3D394B21CCD34B00FA94DE /* EventListViewCell.swift in Sources */,
				CB8B42DE21B2BCE1009ADB67 /* ViewModel.swift in Sources */,
				CB25750D21B2B2F900D6C29A /* AppDelegate.swift in Sources */,
				CB2EB1B421FDA5FB006B5900 /* GIFViewController.swift in Sources */,
			);
			runOnlyForDeploymentPostprocessing = 0;
		};
/* End PBXSourcesBuildPhase section */

/* Begin PBXVariantGroup section */
		CB25751021B2B2F900D6C29A /* Main.storyboard */ = {
			isa = PBXVariantGroup;
			children = (
				CB25751121B2B2F900D6C29A /* Base */,
			);
			name = Main.storyboard;
			sourceTree = "<group>";
		};
		CB25751521B2B2FF00D6C29A /* LaunchScreen.storyboard */ = {
			isa = PBXVariantGroup;
			children = (
				CB25751621B2B2FF00D6C29A /* Base */,
			);
			name = LaunchScreen.storyboard;
			sourceTree = "<group>";
		};
/* End PBXVariantGroup section */

/* Begin XCBuildConfiguration section */
		CB25751921B2B2FF00D6C29A /* Debug */ = {
			isa = XCBuildConfiguration;
			buildSettings = {
				ALWAYS_SEARCH_USER_PATHS = NO;
				CLANG_ANALYZER_NONNULL = YES;
				CLANG_ANALYZER_NUMBER_OBJECT_CONVERSION = YES_AGGRESSIVE;
				CLANG_CXX_LANGUAGE_STANDARD = "gnu++14";
				CLANG_CXX_LIBRARY = "libc++";
				CLANG_ENABLE_MODULES = YES;
				CLANG_ENABLE_OBJC_ARC = YES;
				CLANG_ENABLE_OBJC_WEAK = YES;
				CLANG_WARN_BLOCK_CAPTURE_AUTORELEASING = YES;
				CLANG_WARN_BOOL_CONVERSION = YES;
				CLANG_WARN_COMMA = YES;
				CLANG_WARN_CONSTANT_CONVERSION = YES;
				CLANG_WARN_DEPRECATED_OBJC_IMPLEMENTATIONS = YES;
				CLANG_WARN_DIRECT_OBJC_ISA_USAGE = YES_ERROR;
				CLANG_WARN_DOCUMENTATION_COMMENTS = YES;
				CLANG_WARN_EMPTY_BODY = YES;
				CLANG_WARN_ENUM_CONVERSION = YES;
				CLANG_WARN_INFINITE_RECURSION = YES;
				CLANG_WARN_INT_CONVERSION = YES;
				CLANG_WARN_NON_LITERAL_NULL_CONVERSION = YES;
				CLANG_WARN_OBJC_IMPLICIT_RETAIN_SELF = YES;
				CLANG_WARN_OBJC_LITERAL_CONVERSION = YES;
				CLANG_WARN_OBJC_ROOT_CLASS = YES_ERROR;
				CLANG_WARN_RANGE_LOOP_ANALYSIS = YES;
				CLANG_WARN_STRICT_PROTOTYPES = YES;
				CLANG_WARN_SUSPICIOUS_MOVE = YES;
				CLANG_WARN_UNGUARDED_AVAILABILITY = YES_AGGRESSIVE;
				CLANG_WARN_UNREACHABLE_CODE = YES;
				CLANG_WARN__DUPLICATE_METHOD_MATCH = YES;
				CODE_SIGN_IDENTITY = "iPhone Developer";
				COPY_PHASE_STRIP = NO;
				DEBUG_INFORMATION_FORMAT = dwarf;
				ENABLE_STRICT_OBJC_MSGSEND = YES;
				ENABLE_TESTABILITY = YES;
				GCC_C_LANGUAGE_STANDARD = gnu11;
				GCC_DYNAMIC_NO_PIC = NO;
				GCC_NO_COMMON_BLOCKS = YES;
				GCC_OPTIMIZATION_LEVEL = 0;
				GCC_PREPROCESSOR_DEFINITIONS = (
					"DEBUG=1",
					"$(inherited)",
				);
				GCC_WARN_64_TO_32_BIT_CONVERSION = YES;
				GCC_WARN_ABOUT_RETURN_TYPE = YES_ERROR;
				GCC_WARN_UNDECLARED_SELECTOR = YES;
				GCC_WARN_UNINITIALIZED_AUTOS = YES_AGGRESSIVE;
				GCC_WARN_UNUSED_FUNCTION = YES;
				GCC_WARN_UNUSED_VARIABLE = YES;
				IPHONEOS_DEPLOYMENT_TARGET = 12.1;
				MTL_ENABLE_DEBUG_INFO = INCLUDE_SOURCE;
				MTL_FAST_MATH = YES;
				ONLY_ACTIVE_ARCH = YES;
				SDKROOT = iphoneos;
				SWIFT_ACTIVE_COMPILATION_CONDITIONS = DEBUG;
				SWIFT_OPTIMIZATION_LEVEL = "-Onone";
			};
			name = Debug;
		};
		CB25751A21B2B2FF00D6C29A /* Release */ = {
			isa = XCBuildConfiguration;
			buildSettings = {
				ALWAYS_SEARCH_USER_PATHS = NO;
				CLANG_ANALYZER_NONNULL = YES;
				CLANG_ANALYZER_NUMBER_OBJECT_CONVERSION = YES_AGGRESSIVE;
				CLANG_CXX_LANGUAGE_STANDARD = "gnu++14";
				CLANG_CXX_LIBRARY = "libc++";
				CLANG_ENABLE_MODULES = YES;
				CLANG_ENABLE_OBJC_ARC = YES;
				CLANG_ENABLE_OBJC_WEAK = YES;
				CLANG_WARN_BLOCK_CAPTURE_AUTORELEASING = YES;
				CLANG_WARN_BOOL_CONVERSION = YES;
				CLANG_WARN_COMMA = YES;
				CLANG_WARN_CONSTANT_CONVERSION = YES;
				CLANG_WARN_DEPRECATED_OBJC_IMPLEMENTATIONS = YES;
				CLANG_WARN_DIRECT_OBJC_ISA_USAGE = YES_ERROR;
				CLANG_WARN_DOCUMENTATION_COMMENTS = YES;
				CLANG_WARN_EMPTY_BODY = YES;
				CLANG_WARN_ENUM_CONVERSION = YES;
				CLANG_WARN_INFINITE_RECURSION = YES;
				CLANG_WARN_INT_CONVERSION = YES;
				CLANG_WARN_NON_LITERAL_NULL_CONVERSION = YES;
				CLANG_WARN_OBJC_IMPLICIT_RETAIN_SELF = YES;
				CLANG_WARN_OBJC_LITERAL_CONVERSION = YES;
				CLANG_WARN_OBJC_ROOT_CLASS = YES_ERROR;
				CLANG_WARN_RANGE_LOOP_ANALYSIS = YES;
				CLANG_WARN_STRICT_PROTOTYPES = YES;
				CLANG_WARN_SUSPICIOUS_MOVE = YES;
				CLANG_WARN_UNGUARDED_AVAILABILITY = YES_AGGRESSIVE;
				CLANG_WARN_UNREACHABLE_CODE = YES;
				CLANG_WARN__DUPLICATE_METHOD_MATCH = YES;
				CODE_SIGN_IDENTITY = "iPhone Developer";
				COPY_PHASE_STRIP = NO;
				DEBUG_INFORMATION_FORMAT = "dwarf-with-dsym";
				ENABLE_NS_ASSERTIONS = NO;
				ENABLE_STRICT_OBJC_MSGSEND = YES;
				GCC_C_LANGUAGE_STANDARD = gnu11;
				GCC_NO_COMMON_BLOCKS = YES;
				GCC_WARN_64_TO_32_BIT_CONVERSION = YES;
				GCC_WARN_ABOUT_RETURN_TYPE = YES_ERROR;
				GCC_WARN_UNDECLARED_SELECTOR = YES;
				GCC_WARN_UNINITIALIZED_AUTOS = YES_AGGRESSIVE;
				GCC_WARN_UNUSED_FUNCTION = YES;
				GCC_WARN_UNUSED_VARIABLE = YES;
				IPHONEOS_DEPLOYMENT_TARGET = 12.1;
				MTL_ENABLE_DEBUG_INFO = NO;
				MTL_FAST_MATH = YES;
				SDKROOT = iphoneos;
				SWIFT_COMPILATION_MODE = wholemodule;
				SWIFT_OPTIMIZATION_LEVEL = "-O";
				VALIDATE_PRODUCT = YES;
			};
			name = Release;
		};
		CB25751C21B2B2FF00D6C29A /* Debug */ = {
			isa = XCBuildConfiguration;
			baseConfigurationReference = B3E8F746C62EA465A1B7EC5B /* Pods-EventLists.debug.xcconfig */;
			buildSettings = {
				ASSETCATALOG_COMPILER_APPICON_NAME = AppIcon;
				CODE_SIGN_STYLE = Automatic;
				DEFINES_MODULE = YES;
				DEVELOPMENT_TEAM = 7HD34248KJ;
				INFOPLIST_FILE = EventLists/Info.plist;
				LD_RUNPATH_SEARCH_PATHS = (
					"$(inherited)",
					"@executable_path/Frameworks",
				);
				PRODUCT_BUNDLE_IDENTIFIER = NewBlueBerry.EventLists;
				PRODUCT_NAME = "$(TARGET_NAME)";
				SWIFT_OBJC_BRIDGING_HEADER = "$(SRCROOT)/$(PRODUCT)EventLists/Bridging-Header.h";
				SWIFT_SWIFT3_OBJC_INFERENCE = On;
				SWIFT_VERSION = 4.2;
				TARGETED_DEVICE_FAMILY = "1,2";
			};
			name = Debug;
		};
		CB25751D21B2B2FF00D6C29A /* Release */ = {
			isa = XCBuildConfiguration;
			baseConfigurationReference = 7E06AAE0EA383ED9C2D66726 /* Pods-EventLists.release.xcconfig */;
			buildSettings = {
				ASSETCATALOG_COMPILER_APPICON_NAME = AppIcon;
				CODE_SIGN_STYLE = Automatic;
				DEFINES_MODULE = YES;
				DEVELOPMENT_TEAM = 7HD34248KJ;
				INFOPLIST_FILE = EventLists/Info.plist;
				LD_RUNPATH_SEARCH_PATHS = (
					"$(inherited)",
					"@executable_path/Frameworks",
				);
				PRODUCT_BUNDLE_IDENTIFIER = NewBlueBerry.EventLists;
				PRODUCT_NAME = "$(TARGET_NAME)";
				SWIFT_OBJC_BRIDGING_HEADER = "$(SRCROOT)/$(PRODUCT)EventLists/Bridging-Header.h";
				SWIFT_SWIFT3_OBJC_INFERENCE = On;
				SWIFT_VERSION = 4.2;
				TARGETED_DEVICE_FAMILY = "1,2";
			};
			name = Release;
		};
/* End XCBuildConfiguration section */

/* Begin XCConfigurationList section */
		CB25750421B2B2F900D6C29A /* Build configuration list for PBXProject "EventLists" */ = {
			isa = XCConfigurationList;
			buildConfigurations = (
				CB25751921B2B2FF00D6C29A /* Debug */,
				CB25751A21B2B2FF00D6C29A /* Release */,
			);
			defaultConfigurationIsVisible = 0;
			defaultConfigurationName = Release;
		};
		CB25751B21B2B2FF00D6C29A /* Build configuration list for PBXNativeTarget "EventLists" */ = {
			isa = XCConfigurationList;
			buildConfigurations = (
				CB25751C21B2B2FF00D6C29A /* Debug */,
				CB25751D21B2B2FF00D6C29A /* Release */,
			);
			defaultConfigurationIsVisible = 0;
			defaultConfigurationName = Release;
		};
/* End XCConfigurationList section */
	};
	rootObject = CB25750121B2B2F900D6C29A /* Project object */;
}
