// !$*UTF8*$!
{
	archiveVersion = 1;
	classes = {
	};
	objectVersion = 48;
	objects = {

/* Begin PBXBuildFile section */
		CB151D701FD95FF600D1ECB9 /* AppDelegate.swift in Sources */ = {isa = PBXBuildFile; fileRef = CB151D6F1FD95FF600D1ECB9 /* AppDelegate.swift */; };
		CB151D721FD95FF600D1ECB9 /* ViewController.swift in Sources */ = {isa = PBXBuildFile; fileRef = CB151D711FD95FF600D1ECB9 /* ViewController.swift */; };
		CB151D751FD95FF600D1ECB9 /* Main.storyboard in Resources */ = {isa = PBXBuildFile; fileRef = CB151D731FD95FF600D1ECB9 /* Main.storyboard */; };
		CB151D771FD95FF600D1ECB9 /* Assets.xcassets in Resources */ = {isa = PBXBuildFile; fileRef = CB151D761FD95FF600D1ECB9 /* Assets.xcassets */; };
		CB151D7A1FD95FF600D1ECB9 /* LaunchScreen.storyboard in Resources */ = {isa = PBXBuildFile; fileRef = CB151D781FD95FF600D1ECB9 /* LaunchScreen.storyboard */; };
		CB151D841FD969D300D1ECB9 /* TableViewController.swift in Sources */ = {isa = PBXBuildFile; fileRef = CB151D831FD969D300D1ECB9 /* TableViewController.swift */; };
		CB151D861FD96B2400D1ECB9 /* SwiftyJSON.swift in Sources */ = {isa = PBXBuildFile; fileRef = CB151D851FD96B2400D1ECB9 /* SwiftyJSON.swift */; };
		CB151D881FD96B8400D1ECB9 /* WeatherMaster.swift in Sources */ = {isa = PBXBuildFile; fileRef = CB151D871FD96B8400D1ECB9 /* WeatherMaster.swift */; };
		CB151D8A1FD96C8E00D1ECB9 /* Const.swift in Sources */ = {isa = PBXBuildFile; fileRef = CB151D891FD96C8E00D1ECB9 /* Const.swift */; };
		FA9E1D4B90D75443621D3AA4 /* Pods_GurmetAPI.framework in Frameworks */ = {isa = PBXBuildFile; fileRef = 9B3EEAF4C4E7056F95890B7A /* Pods_GurmetAPI.framework */; };
/* End PBXBuildFile section */

/* Begin PBXFileReference section */
		1DBCB2B5A3FC94712A249816 /* Pods-GurmetAPI.debug.xcconfig */ = {isa = PBXFileReference; includeInIndex = 1; lastKnownFileType = text.xcconfig; name = "Pods-GurmetAPI.debug.xcconfig"; path = "Pods/Target Support Files/Pods-GurmetAPI/Pods-GurmetAPI.debug.xcconfig"; sourceTree = "<group>"; };
		92FCF6DE0A40DAAAF6824191 /* Pods-GurmetAPI.release.xcconfig */ = {isa = PBXFileReference; includeInIndex = 1; lastKnownFileType = text.xcconfig; name = "Pods-GurmetAPI.release.xcconfig"; path = "Pods/Target Support Files/Pods-GurmetAPI/Pods-GurmetAPI.release.xcconfig"; sourceTree = "<group>"; };
		9B3EEAF4C4E7056F95890B7A /* Pods_GurmetAPI.framework */ = {isa = PBXFileReference; explicitFileType = wrapper.framework; includeInIndex = 0; path = Pods_GurmetAPI.framework; sourceTree = BUILT_PRODUCTS_DIR; };
		CB151D6C1FD95FF600D1ECB9 /* GurmetAPI.app */ = {isa = PBXFileReference; explicitFileType = wrapper.application; includeInIndex = 0; path = GurmetAPI.app; sourceTree = BUILT_PRODUCTS_DIR; };
		CB151D6F1FD95FF600D1ECB9 /* AppDelegate.swift */ = {isa = PBXFileReference; lastKnownFileType = sourcecode.swift; path = AppDelegate.swift; sourceTree = "<group>"; };
		CB151D711FD95FF600D1ECB9 /* ViewController.swift */ = {isa = PBXFileReference; lastKnownFileType = sourcecode.swift; path = ViewController.swift; sourceTree = "<group>"; };
		CB151D741FD95FF600D1ECB9 /* Base */ = {isa = PBXFileReference; lastKnownFileType = file.storyboard; name = Base; path = Base.lproj/Main.storyboard; sourceTree = "<group>"; };
		CB151D761FD95FF600D1ECB9 /* Assets.xcassets */ = {isa = PBXFileReference; lastKnownFileType = folder.assetcatalog; path = Assets.xcassets; sourceTree = "<group>"; };
		CB151D791FD95FF600D1ECB9 /* Base */ = {isa = PBXFileReference; lastKnownFileType = file.storyboard; name = Base; path = Base.lproj/LaunchScreen.storyboard; sourceTree = "<group>"; };
		CB151D7B1FD95FF600D1ECB9 /* Info.plist */ = {isa = PBXFileReference; lastKnownFileType = text.plist.xml; path = Info.plist; sourceTree = "<group>"; };
		CB151D831FD969D300D1ECB9 /* TableViewController.swift */ = {isa = PBXFileReference; lastKnownFileType = sourcecode.swift; path = TableViewController.swift; sourceTree = "<group>"; };
		CB151D851FD96B2400D1ECB9 /* SwiftyJSON.swift */ = {isa = PBXFileReference; lastKnownFileType = sourcecode.swift; path = SwiftyJSON.swift; sourceTree = "<group>"; };
		CB151D871FD96B8400D1ECB9 /* WeatherMaster.swift */ = {isa = PBXFileReference; lastKnownFileType = sourcecode.swift; path = WeatherMaster.swift; sourceTree = "<group>"; };
		CB151D891FD96C8E00D1ECB9 /* Const.swift */ = {isa = PBXFileReference; lastKnownFileType = sourcecode.swift; path = Const.swift; sourceTree = "<group>"; };
/* End PBXFileReference section */

/* Begin PBXFrameworksBuildPhase section */
		CB151D691FD95FF600D1ECB9 /* Frameworks */ = {
			isa = PBXFrameworksBuildPhase;
			buildActionMask = 2147483647;
			files = (
				FA9E1D4B90D75443621D3AA4 /* Pods_GurmetAPI.framework in Frameworks */,
			);
			runOnlyForDeploymentPostprocessing = 0;
		};
/* End PBXFrameworksBuildPhase section */

/* Begin PBXGroup section */
		BD748E626D8B67E69D39C348 /* Frameworks */ = {
			isa = PBXGroup;
			children = (
				9B3EEAF4C4E7056F95890B7A /* Pods_GurmetAPI.framework */,
			);
			name = Frameworks;
			sourceTree = "<group>";
		};
		CB151D631FD95FF600D1ECB9 = {
			isa = PBXGroup;
			children = (
				CB151D6E1FD95FF600D1ECB9 /* GurmetAPI */,
				CB151D6D1FD95FF600D1ECB9 /* Products */,
				D25A7B7CAEC693EBCF075BF6 /* Pods */,
				BD748E626D8B67E69D39C348 /* Frameworks */,
			);
			sourceTree = "<group>";
		};
		CB151D6D1FD95FF600D1ECB9 /* Products */ = {
			isa = PBXGroup;
			children = (
				CB151D6C1FD95FF600D1ECB9 /* GurmetAPI.app */,
			);
			name = Products;
			sourceTree = "<group>";
		};
		CB151D6E1FD95FF600D1ECB9 /* GurmetAPI */ = {
			isa = PBXGroup;
			children = (
				CB151D6F1FD95FF600D1ECB9 /* AppDelegate.swift */,
				CB151D711FD95FF600D1ECB9 /* ViewController.swift */,
				CB151D831FD969D300D1ECB9 /* TableViewController.swift */,
				CB151D871FD96B8400D1ECB9 /* WeatherMaster.swift */,
				CB151D891FD96C8E00D1ECB9 /* Const.swift */,
				CB151D851FD96B2400D1ECB9 /* SwiftyJSON.swift */,
				CB151D731FD95FF600D1ECB9 /* Main.storyboard */,
				CB151D761FD95FF600D1ECB9 /* Assets.xcassets */,
				CB151D781FD95FF600D1ECB9 /* LaunchScreen.storyboard */,
				CB151D7B1FD95FF600D1ECB9 /* Info.plist */,
			);
			path = GurmetAPI;
			sourceTree = "<group>";
		};
		D25A7B7CAEC693EBCF075BF6 /* Pods */ = {
			isa = PBXGroup;
			children = (
				1DBCB2B5A3FC94712A249816 /* Pods-GurmetAPI.debug.xcconfig */,
				92FCF6DE0A40DAAAF6824191 /* Pods-GurmetAPI.release.xcconfig */,
			);
			name = Pods;
			sourceTree = "<group>";
		};
/* End PBXGroup section */

/* Begin PBXNativeTarget section */
		CB151D6B1FD95FF600D1ECB9 /* GurmetAPI */ = {
			isa = PBXNativeTarget;
			buildConfigurationList = CB151D7E1FD95FF600D1ECB9 /* Build configuration list for PBXNativeTarget "GurmetAPI" */;
			buildPhases = (
				7341AFA695401064E953ADB4 /* [CP] Check Pods Manifest.lock */,
				CB151D681FD95FF600D1ECB9 /* Sources */,
				CB151D691FD95FF600D1ECB9 /* Frameworks */,
				CB151D6A1FD95FF600D1ECB9 /* Resources */,
				780D8E1F1574AF694FF74A6C /* [CP] Embed Pods Frameworks */,
				EA656F390C580F2FFAA90CE1 /* [CP] Copy Pods Resources */,
			);
			buildRules = (
			);
			dependencies = (
			);
			name = GurmetAPI;
			productName = GurmetAPI;
			productReference = CB151D6C1FD95FF600D1ECB9 /* GurmetAPI.app */;
			productType = "com.apple.product-type.application";
		};
/* End PBXNativeTarget section */

/* Begin PBXProject section */
		CB151D641FD95FF600D1ECB9 /* Project object */ = {
			isa = PBXProject;
			attributes = {
				LastSwiftUpdateCheck = 0910;
				LastUpgradeCheck = 0910;
				ORGANIZATIONNAME = "野崎勇樹";
				TargetAttributes = {
					CB151D6B1FD95FF600D1ECB9 = {
						CreatedOnToolsVersion = 9.1;
						ProvisioningStyle = Automatic;
					};
				};
			};
			buildConfigurationList = CB151D671FD95FF600D1ECB9 /* Build configuration list for PBXProject "GurmetAPI" */;
			compatibilityVersion = "Xcode 8.0";
			developmentRegion = en;
			hasScannedForEncodings = 0;
			knownRegions = (
				en,
				Base,
			);
			mainGroup = CB151D631FD95FF600D1ECB9;
			productRefGroup = CB151D6D1FD95FF600D1ECB9 /* Products */;
			projectDirPath = "";
			projectRoot = "";
			targets = (
				CB151D6B1FD95FF600D1ECB9 /* GurmetAPI */,
			);
		};
/* End PBXProject section */

/* Begin PBXResourcesBuildPhase section */
		CB151D6A1FD95FF600D1ECB9 /* Resources */ = {
			isa = PBXResourcesBuildPhase;
			buildActionMask = 2147483647;
			files = (
				CB151D7A1FD95FF600D1ECB9 /* LaunchScreen.storyboard in Resources */,
				CB151D771FD95FF600D1ECB9 /* Assets.xcassets in Resources */,
				CB151D751FD95FF600D1ECB9 /* Main.storyboard in Resources */,
			);
			runOnlyForDeploymentPostprocessing = 0;
		};
/* End PBXResourcesBuildPhase section */

/* Begin PBXShellScriptBuildPhase section */
		7341AFA695401064E953ADB4 /* [CP] Check Pods Manifest.lock */ = {
			isa = PBXShellScriptBuildPhase;
			buildActionMask = 2147483647;
			files = (
			);
			inputPaths = (
				"${PODS_PODFILE_DIR_PATH}/Podfile.lock",
				"${PODS_ROOT}/Manifest.lock",
			);
			name = "[CP] Check Pods Manifest.lock";
			outputPaths = (
				"$(DERIVED_FILE_DIR)/Pods-GurmetAPI-checkManifestLockResult.txt",
			);
			runOnlyForDeploymentPostprocessing = 0;
			shellPath = /bin/sh;
			shellScript = "diff \"${PODS_PODFILE_DIR_PATH}/Podfile.lock\" \"${PODS_ROOT}/Manifest.lock\" > /dev/null\nif [ $? != 0 ] ; then\n    # print error to STDERR\n    echo \"error: The sandbox is not in sync with the Podfile.lock. Run 'pod install' or update your CocoaPods installation.\" >&2\n    exit 1\nfi\n# This output is used by Xcode 'outputs' to avoid re-running this script phase.\necho \"SUCCESS\" > \"${SCRIPT_OUTPUT_FILE_0}\"\n";
			showEnvVarsInLog = 0;
		};
		780D8E1F1574AF694FF74A6C /* [CP] Embed Pods Frameworks */ = {
			isa = PBXShellScriptBuildPhase;
			buildActionMask = 2147483647;
			files = (
			);
			inputPaths = (
				"${SRCROOT}/Pods/Target Support Files/Pods-GurmetAPI/Pods-GurmetAPI-frameworks.sh",
				"${BUILT_PRODUCTS_DIR}/SwiftyJSON/SwiftyJSON.framework",
			);
			name = "[CP] Embed Pods Frameworks";
			outputPaths = (
				"${TARGET_BUILD_DIR}/${FRAMEWORKS_FOLDER_PATH}/SwiftyJSON.framework",
			);
			runOnlyForDeploymentPostprocessing = 0;
			shellPath = /bin/sh;
			shellScript = "\"${SRCROOT}/Pods/Target Support Files/Pods-GurmetAPI/Pods-GurmetAPI-frameworks.sh\"\n";
			showEnvVarsInLog = 0;
		};
		EA656F390C580F2FFAA90CE1 /* [CP] Copy Pods Resources */ = {
			isa = PBXShellScriptBuildPhase;
			buildActionMask = 2147483647;
			files = (
			);
			inputPaths = (
			);
			name = "[CP] Copy Pods Resources";
			outputPaths = (
			);
			runOnlyForDeploymentPostprocessing = 0;
			shellPath = /bin/sh;
			shellScript = "\"${SRCROOT}/Pods/Target Support Files/Pods-GurmetAPI/Pods-GurmetAPI-resources.sh\"\n";
			showEnvVarsInLog = 0;
		};
/* End PBXShellScriptBuildPhase section */

/* Begin PBXSourcesBuildPhase section */
		CB151D681FD95FF600D1ECB9 /* Sources */ = {
			isa = PBXSourcesBuildPhase;
			buildActionMask = 2147483647;
			files = (
				CB151D721FD95FF600D1ECB9 /* ViewController.swift in Sources */,
				CB151D841FD969D300D1ECB9 /* TableViewController.swift in Sources */,
				CB151D701FD95FF600D1ECB9 /* AppDelegate.swift in Sources */,
				CB151D861FD96B2400D1ECB9 /* SwiftyJSON.swift in Sources */,
				CB151D881FD96B8400D1ECB9 /* WeatherMaster.swift in Sources */,
				CB151D8A1FD96C8E00D1ECB9 /* Const.swift in Sources */,
			);
			runOnlyForDeploymentPostprocessing = 0;
		};
/* End PBXSourcesBuildPhase section */

/* Begin PBXVariantGroup section */
		CB151D731FD95FF600D1ECB9 /* Main.storyboard */ = {
			isa = PBXVariantGroup;
			children = (
				CB151D741FD95FF600D1ECB9 /* Base */,
			);
			name = Main.storyboard;
			sourceTree = "<group>";
		};
		CB151D781FD95FF600D1ECB9 /* LaunchScreen.storyboard */ = {
			isa = PBXVariantGroup;
			children = (
				CB151D791FD95FF600D1ECB9 /* Base */,
			);
			name = LaunchScreen.storyboard;
			sourceTree = "<group>";
		};
/* End PBXVariantGroup section */

/* Begin XCBuildConfiguration section */
		CB151D7C1FD95FF600D1ECB9 /* Debug */ = {
			isa = XCBuildConfiguration;
			buildSettings = {
				ALWAYS_SEARCH_USER_PATHS = NO;
				CLANG_ANALYZER_NONNULL = YES;
				CLANG_ANALYZER_NUMBER_OBJECT_CONVERSION = YES_AGGRESSIVE;
				CLANG_CXX_LANGUAGE_STANDARD = "gnu++14";
				CLANG_CXX_LIBRARY = "libc++";
				CLANG_ENABLE_MODULES = YES;
				CLANG_ENABLE_OBJC_ARC = YES;
				CLANG_WARN_BLOCK_CAPTURE_AUTORELEASING = YES;
				CLANG_WARN_BOOL_CONVERSION = YES;
				CLANG_WARN_COMMA = YES;
				CLANG_WARN_CONSTANT_CONVERSION = YES;
				CLANG_WARN_DIRECT_OBJC_ISA_USAGE = YES_ERROR;
				CLANG_WARN_DOCUMENTATION_COMMENTS = YES;
				CLANG_WARN_EMPTY_BODY = YES;
				CLANG_WARN_ENUM_CONVERSION = YES;
				CLANG_WARN_INFINITE_RECURSION = YES;
				CLANG_WARN_INT_CONVERSION = YES;
				CLANG_WARN_NON_LITERAL_NULL_CONVERSION = YES;
				CLANG_WARN_OBJC_LITERAL_CONVERSION = YES;
				CLANG_WARN_OBJC_ROOT_CLASS = YES_ERROR;
				CLANG_WARN_RANGE_LOOP_ANALYSIS = YES;
				CLANG_WARN_STRICT_PROTOTYPES = YES;
				CLANG_WARN_SUSPICIOUS_MOVE = YES;
				CLANG_WARN_UNGUARDED_AVAILABILITY = YES_AGGRESSIVE;
				CLANG_WARN_UNREACHABLE_CODE = YES;
				CLANG_WARN__DUPLICATE_METHOD_MATCH = YES;
				CODE_SIGN_IDENTITY = "iPhone Developer";
				COPY_PHASE_STRIP = NO;
				DEBUG_INFORMATION_FORMAT = dwarf;
				ENABLE_STRICT_OBJC_MSGSEND = YES;
				ENABLE_TESTABILITY = YES;
				GCC_C_LANGUAGE_STANDARD = gnu11;
				GCC_DYNAMIC_NO_PIC = NO;
				GCC_NO_COMMON_BLOCKS = YES;
				GCC_OPTIMIZATION_LEVEL = 0;
				GCC_PREPROCESSOR_DEFINITIONS = (
					"DEBUG=1",
					"$(inherited)",
				);
				GCC_WARN_64_TO_32_BIT_CONVERSION = YES;
				GCC_WARN_ABOUT_RETURN_TYPE = YES_ERROR;
				GCC_WARN_UNDECLARED_SELECTOR = YES;
				GCC_WARN_UNINITIALIZED_AUTOS = YES_AGGRESSIVE;
				GCC_WARN_UNUSED_FUNCTION = YES;
				GCC_WARN_UNUSED_VARIABLE = YES;
				IPHONEOS_DEPLOYMENT_TARGET = 11.1;
				MTL_ENABLE_DEBUG_INFO = YES;
				ONLY_ACTIVE_ARCH = YES;
				SDKROOT = iphoneos;
				SWIFT_ACTIVE_COMPILATION_CONDITIONS = DEBUG;
				SWIFT_OPTIMIZATION_LEVEL = "-Onone";
			};
			name = Debug;
		};
		CB151D7D1FD95FF600D1ECB9 /* Release */ = {
			isa = XCBuildConfiguration;
			buildSettings = {
				ALWAYS_SEARCH_USER_PATHS = NO;
				CLANG_ANALYZER_NONNULL = YES;
				CLANG_ANALYZER_NUMBER_OBJECT_CONVERSION = YES_AGGRESSIVE;
				CLANG_CXX_LANGUAGE_STANDARD = "gnu++14";
				CLANG_CXX_LIBRARY = "libc++";
				CLANG_ENABLE_MODULES = YES;
				CLANG_ENABLE_OBJC_ARC = YES;
				CLANG_WARN_BLOCK_CAPTURE_AUTORELEASING = YES;
				CLANG_WARN_BOOL_CONVERSION = YES;
				CLANG_WARN_COMMA = YES;
				CLANG_WARN_CONSTANT_CONVERSION = YES;
				CLANG_WARN_DIRECT_OBJC_ISA_USAGE = YES_ERROR;
				CLANG_WARN_DOCUMENTATION_COMMENTS = YES;
				CLANG_WARN_EMPTY_BODY = YES;
				CLANG_WARN_ENUM_CONVERSION = YES;
				CLANG_WARN_INFINITE_RECURSION = YES;
				CLANG_WARN_INT_CONVERSION = YES;
				CLANG_WARN_NON_LITERAL_NULL_CONVERSION = YES;
				CLANG_WARN_OBJC_LITERAL_CONVERSION = YES;
				CLANG_WARN_OBJC_ROOT_CLASS = YES_ERROR;
				CLANG_WARN_RANGE_LOOP_ANALYSIS = YES;
				CLANG_WARN_STRICT_PROTOTYPES = YES;
				CLANG_WARN_SUSPICIOUS_MOVE = YES;
				CLANG_WARN_UNGUARDED_AVAILABILITY = YES_AGGRESSIVE;
				CLANG_WARN_UNREACHABLE_CODE = YES;
				CLANG_WARN__DUPLICATE_METHOD_MATCH = YES;
				CODE_SIGN_IDENTITY = "iPhone Developer";
				COPY_PHASE_STRIP = NO;
				DEBUG_INFORMATION_FORMAT = "dwarf-with-dsym";
				ENABLE_NS_ASSERTIONS = NO;
				ENABLE_STRICT_OBJC_MSGSEND = YES;
				GCC_C_LANGUAGE_STANDARD = gnu11;
				GCC_NO_COMMON_BLOCKS = YES;
				GCC_WARN_64_TO_32_BIT_CONVERSION = YES;
				GCC_WARN_ABOUT_RETURN_TYPE = YES_ERROR;
				GCC_WARN_UNDECLARED_SELECTOR = YES;
				GCC_WARN_UNINITIALIZED_AUTOS = YES_AGGRESSIVE;
				GCC_WARN_UNUSED_FUNCTION = YES;
				GCC_WARN_UNUSED_VARIABLE = YES;
				IPHONEOS_DEPLOYMENT_TARGET = 11.1;
				MTL_ENABLE_DEBUG_INFO = NO;
				SDKROOT = iphoneos;
				SWIFT_OPTIMIZATION_LEVEL = "-Owholemodule";
				VALIDATE_PRODUCT = YES;
			};
			name = Release;
		};
		CB151D7F1FD95FF600D1ECB9 /* Debug */ = {
			isa = XCBuildConfiguration;
			baseConfigurationReference = 1DBCB2B5A3FC94712A249816 /* Pods-GurmetAPI.debug.xcconfig */;
			buildSettings = {
				ASSETCATALOG_COMPILER_APPICON_NAME = AppIcon;
				CODE_SIGN_STYLE = Automatic;
				DEVELOPMENT_TEAM = 7HD34248KJ;
				INFOPLIST_FILE = GurmetAPI/Info.plist;
				LD_RUNPATH_SEARCH_PATHS = "$(inherited) @executable_path/Frameworks";
				PRODUCT_BUNDLE_IDENTIFIER = Mokumoku.GurmetAPI;
				PRODUCT_NAME = "$(TARGET_NAME)";
				SWIFT_VERSION = 4.0;
				TARGETED_DEVICE_FAMILY = "1,2";
			};
			name = Debug;
		};
		CB151D801FD95FF600D1ECB9 /* Release */ = {
			isa = XCBuildConfiguration;
			baseConfigurationReference = 92FCF6DE0A40DAAAF6824191 /* Pods-GurmetAPI.release.xcconfig */;
			buildSettings = {
				ASSETCATALOG_COMPILER_APPICON_NAME = AppIcon;
				CODE_SIGN_STYLE = Automatic;
				DEVELOPMENT_TEAM = 7HD34248KJ;
				INFOPLIST_FILE = GurmetAPI/Info.plist;
				LD_RUNPATH_SEARCH_PATHS = "$(inherited) @executable_path/Frameworks";
				PRODUCT_BUNDLE_IDENTIFIER = Mokumoku.GurmetAPI;
				PRODUCT_NAME = "$(TARGET_NAME)";
				SWIFT_VERSION = 4.0;
				TARGETED_DEVICE_FAMILY = "1,2";
			};
			name = Release;
		};
/* End XCBuildConfiguration section */

/* Begin XCConfigurationList section */
		CB151D671FD95FF600D1ECB9 /* Build configuration list for PBXProject "GurmetAPI" */ = {
			isa = XCConfigurationList;
			buildConfigurations = (
				CB151D7C1FD95FF600D1ECB9 /* Debug */,
				CB151D7D1FD95FF600D1ECB9 /* Release */,
			);
			defaultConfigurationIsVisible = 0;
			defaultConfigurationName = Release;
		};
		CB151D7E1FD95FF600D1ECB9 /* Build configuration list for PBXNativeTarget "GurmetAPI" */ = {
			isa = XCConfigurationList;
			buildConfigurations = (
				CB151D7F1FD95FF600D1ECB9 /* Debug */,
				CB151D801FD95FF600D1ECB9 /* Release */,
			);
			defaultConfigurationIsVisible = 0;
			defaultConfigurationName = Release;
		};
/* End XCConfigurationList section */
	};
	rootObject = CB151D641FD95FF600D1ECB9 /* Project object */;
}
