// !$*UTF8*$!
{
	archiveVersion = 1;
	classes = {
	};
	objectVersion = 48;
	objects = {

/* Begin PBXBuildFile section */
		7D69C730BA8BCB9E3218A67E /* Pods_Maps.framework in Frameworks */ = {isa = PBXBuildFile; fileRef = 6381DF511824EB99E1B22D10 /* Pods_Maps.framework */; };
		CB540A7B1FF5D4A50051411D /* AppDelegate.swift in Sources */ = {isa = PBXBuildFile; fileRef = CB540A7A1FF5D4A50051411D /* AppDelegate.swift */; };
		CB540A7D1FF5D4A50051411D /* ViewController.swift in Sources */ = {isa = PBXBuildFile; fileRef = CB540A7C1FF5D4A50051411D /* ViewController.swift */; };
		CB540A801FF5D4A50051411D /* Main.storyboard in Resources */ = {isa = PBXBuildFile; fileRef = CB540A7E1FF5D4A50051411D /* Main.storyboard */; };
		CB540A821FF5D4A50051411D /* Assets.xcassets in Resources */ = {isa = PBXBuildFile; fileRef = CB540A811FF5D4A50051411D /* Assets.xcassets */; };
		CB540A851FF5D4A60051411D /* LaunchScreen.storyboard in Resources */ = {isa = PBXBuildFile; fileRef = CB540A831FF5D4A50051411D /* LaunchScreen.storyboard */; };
		CB540A901FF60B740051411D /* CoreLocation.framework in Frameworks */ = {isa = PBXBuildFile; fileRef = CB540A8F1FF60B660051411D /* CoreLocation.framework */; };
		CB540A921FF60BAD0051411D /* locationViewController.swift in Sources */ = {isa = PBXBuildFile; fileRef = CB540A911FF60BAD0051411D /* locationViewController.swift */; };
/* End PBXBuildFile section */

/* Begin PBXFileReference section */
		598BCE72EF64F9893A2BD08A /* Pods-Maps.release.xcconfig */ = {isa = PBXFileReference; includeInIndex = 1; lastKnownFileType = text.xcconfig; name = "Pods-Maps.release.xcconfig"; path = "Pods/Target Support Files/Pods-Maps/Pods-Maps.release.xcconfig"; sourceTree = "<group>"; };
		6381DF511824EB99E1B22D10 /* Pods_Maps.framework */ = {isa = PBXFileReference; explicitFileType = wrapper.framework; includeInIndex = 0; path = Pods_Maps.framework; sourceTree = BUILT_PRODUCTS_DIR; };
		CB540A771FF5D4A50051411D /* Maps.app */ = {isa = PBXFileReference; explicitFileType = wrapper.application; includeInIndex = 0; path = Maps.app; sourceTree = BUILT_PRODUCTS_DIR; };
		CB540A7A1FF5D4A50051411D /* AppDelegate.swift */ = {isa = PBXFileReference; lastKnownFileType = sourcecode.swift; path = AppDelegate.swift; sourceTree = "<group>"; };
		CB540A7C1FF5D4A50051411D /* ViewController.swift */ = {isa = PBXFileReference; lastKnownFileType = sourcecode.swift; path = ViewController.swift; sourceTree = "<group>"; };
		CB540A7F1FF5D4A50051411D /* Base */ = {isa = PBXFileReference; lastKnownFileType = file.storyboard; name = Base; path = Base.lproj/Main.storyboard; sourceTree = "<group>"; };
		CB540A811FF5D4A50051411D /* Assets.xcassets */ = {isa = PBXFileReference; lastKnownFileType = folder.assetcatalog; path = Assets.xcassets; sourceTree = "<group>"; };
		CB540A841FF5D4A50051411D /* Base */ = {isa = PBXFileReference; lastKnownFileType = file.storyboard; name = Base; path = Base.lproj/LaunchScreen.storyboard; sourceTree = "<group>"; };
		CB540A861FF5D4A60051411D /* Info.plist */ = {isa = PBXFileReference; lastKnownFileType = text.plist.xml; path = Info.plist; sourceTree = "<group>"; };
		CB540A8E1FF5DDD70051411D /* GoogleMapProject-Bridging-Header.h */ = {isa = PBXFileReference; fileEncoding = 4; lastKnownFileType = sourcecode.c.h; path = "GoogleMapProject-Bridging-Header.h"; sourceTree = "<group>"; };
		CB540A8F1FF60B660051411D /* CoreLocation.framework */ = {isa = PBXFileReference; lastKnownFileType = wrapper.framework; name = CoreLocation.framework; path = System/Library/Frameworks/CoreLocation.framework; sourceTree = SDKROOT; };
		CB540A911FF60BAD0051411D /* locationViewController.swift */ = {isa = PBXFileReference; lastKnownFileType = sourcecode.swift; path = locationViewController.swift; sourceTree = "<group>"; };
		DFFF8BE6557711FC7A27584D /* Pods-Maps.debug.xcconfig */ = {isa = PBXFileReference; includeInIndex = 1; lastKnownFileType = text.xcconfig; name = "Pods-Maps.debug.xcconfig"; path = "Pods/Target Support Files/Pods-Maps/Pods-Maps.debug.xcconfig"; sourceTree = "<group>"; };
/* End PBXFileReference section */

/* Begin PBXFrameworksBuildPhase section */
		CB540A741FF5D4A50051411D /* Frameworks */ = {
			isa = PBXFrameworksBuildPhase;
			buildActionMask = 2147483647;
			files = (
				CB540A901FF60B740051411D /* CoreLocation.framework in Frameworks */,
				7D69C730BA8BCB9E3218A67E /* Pods_Maps.framework in Frameworks */,
			);
			runOnlyForDeploymentPostprocessing = 0;
		};
/* End PBXFrameworksBuildPhase section */

/* Begin PBXGroup section */
		0FC4888B4C55A47F2C2AD892 /* Pods */ = {
			isa = PBXGroup;
			children = (
				DFFF8BE6557711FC7A27584D /* Pods-Maps.debug.xcconfig */,
				598BCE72EF64F9893A2BD08A /* Pods-Maps.release.xcconfig */,
			);
			name = Pods;
			sourceTree = "<group>";
		};
		9B2B9BEA7972E05814CDB589 /* Frameworks */ = {
			isa = PBXGroup;
			children = (
				CB540A8F1FF60B660051411D /* CoreLocation.framework */,
				6381DF511824EB99E1B22D10 /* Pods_Maps.framework */,
			);
			name = Frameworks;
			sourceTree = "<group>";
		};
		CB540A6E1FF5D4A50051411D = {
			isa = PBXGroup;
			children = (
				CB540A8E1FF5DDD70051411D /* GoogleMapProject-Bridging-Header.h */,
				CB540A791FF5D4A50051411D /* Maps */,
				CB540A781FF5D4A50051411D /* Products */,
				0FC4888B4C55A47F2C2AD892 /* Pods */,
				9B2B9BEA7972E05814CDB589 /* Frameworks */,
			);
			sourceTree = "<group>";
		};
		CB540A781FF5D4A50051411D /* Products */ = {
			isa = PBXGroup;
			children = (
				CB540A771FF5D4A50051411D /* Maps.app */,
			);
			name = Products;
			sourceTree = "<group>";
		};
		CB540A791FF5D4A50051411D /* Maps */ = {
			isa = PBXGroup;
			children = (
				CB540A7A1FF5D4A50051411D /* AppDelegate.swift */,
				CB540A7C1FF5D4A50051411D /* ViewController.swift */,
				CB540A911FF60BAD0051411D /* locationViewController.swift */,
				CB540A7E1FF5D4A50051411D /* Main.storyboard */,
				CB540A811FF5D4A50051411D /* Assets.xcassets */,
				CB540A831FF5D4A50051411D /* LaunchScreen.storyboard */,
				CB540A861FF5D4A60051411D /* Info.plist */,
			);
			path = Maps;
			sourceTree = "<group>";
		};
/* End PBXGroup section */

/* Begin PBXNativeTarget section */
		CB540A761FF5D4A50051411D /* Maps */ = {
			isa = PBXNativeTarget;
			buildConfigurationList = CB540A891FF5D4A60051411D /* Build configuration list for PBXNativeTarget "Maps" */;
			buildPhases = (
				452C9A8AA48EF4F41D385A47 /* [CP] Check Pods Manifest.lock */,
				CB540A731FF5D4A50051411D /* Sources */,
				CB540A741FF5D4A50051411D /* Frameworks */,
				CB540A751FF5D4A50051411D /* Resources */,
				B6DD056FE33D37105E883FAC /* [CP] Embed Pods Frameworks */,
				B02821850C5D66FA8A76CE03 /* [CP] Copy Pods Resources */,
			);
			buildRules = (
			);
			dependencies = (
			);
			name = Maps;
			productName = Maps;
			productReference = CB540A771FF5D4A50051411D /* Maps.app */;
			productType = "com.apple.product-type.application";
		};
/* End PBXNativeTarget section */

/* Begin PBXProject section */
		CB540A6F1FF5D4A50051411D /* Project object */ = {
			isa = PBXProject;
			attributes = {
				LastSwiftUpdateCheck = 0910;
				LastUpgradeCheck = 0910;
				ORGANIZATIONNAME = "野崎勇樹";
				TargetAttributes = {
					CB540A761FF5D4A50051411D = {
						CreatedOnToolsVersion = 9.1;
						ProvisioningStyle = Automatic;
					};
				};
			};
			buildConfigurationList = CB540A721FF5D4A50051411D /* Build configuration list for PBXProject "Maps" */;
			compatibilityVersion = "Xcode 8.0";
			developmentRegion = en;
			hasScannedForEncodings = 0;
			knownRegions = (
				en,
				Base,
			);
			mainGroup = CB540A6E1FF5D4A50051411D;
			productRefGroup = CB540A781FF5D4A50051411D /* Products */;
			projectDirPath = "";
			projectRoot = "";
			targets = (
				CB540A761FF5D4A50051411D /* Maps */,
			);
		};
/* End PBXProject section */

/* Begin PBXResourcesBuildPhase section */
		CB540A751FF5D4A50051411D /* Resources */ = {
			isa = PBXResourcesBuildPhase;
			buildActionMask = 2147483647;
			files = (
				CB540A851FF5D4A60051411D /* LaunchScreen.storyboard in Resources */,
				CB540A821FF5D4A50051411D /* Assets.xcassets in Resources */,
				CB540A801FF5D4A50051411D /* Main.storyboard in Resources */,
			);
			runOnlyForDeploymentPostprocessing = 0;
		};
/* End PBXResourcesBuildPhase section */

/* Begin PBXShellScriptBuildPhase section */
		452C9A8AA48EF4F41D385A47 /* [CP] Check Pods Manifest.lock */ = {
			isa = PBXShellScriptBuildPhase;
			buildActionMask = 2147483647;
			files = (
			);
			inputPaths = (
				"${PODS_PODFILE_DIR_PATH}/Podfile.lock",
				"${PODS_ROOT}/Manifest.lock",
			);
			name = "[CP] Check Pods Manifest.lock";
			outputPaths = (
				"$(DERIVED_FILE_DIR)/Pods-Maps-checkManifestLockResult.txt",
			);
			runOnlyForDeploymentPostprocessing = 0;
			shellPath = /bin/sh;
			shellScript = "diff \"${PODS_PODFILE_DIR_PATH}/Podfile.lock\" \"${PODS_ROOT}/Manifest.lock\" > /dev/null\nif [ $? != 0 ] ; then\n    # print error to STDERR\n    echo \"error: The sandbox is not in sync with the Podfile.lock. Run 'pod install' or update your CocoaPods installation.\" >&2\n    exit 1\nfi\n# This output is used by Xcode 'outputs' to avoid re-running this script phase.\necho \"SUCCESS\" > \"${SCRIPT_OUTPUT_FILE_0}\"\n";
			showEnvVarsInLog = 0;
		};
		B02821850C5D66FA8A76CE03 /* [CP] Copy Pods Resources */ = {
			isa = PBXShellScriptBuildPhase;
			buildActionMask = 2147483647;
			files = (
			);
			inputPaths = (
				"${SRCROOT}/Pods/Target Support Files/Pods-Maps/Pods-Maps-resources.sh",
				"${PODS_ROOT}/GoogleMaps/Maps/Frameworks/GoogleMaps.framework/Resources/GoogleMaps.bundle",
				"${PODS_ROOT}/GooglePlaces/Frameworks/GooglePlaces.framework/Resources/GooglePlaces.bundle",
			);
			name = "[CP] Copy Pods Resources";
			outputPaths = (
				"${TARGET_BUILD_DIR}/${UNLOCALIZED_RESOURCES_FOLDER_PATH}",
			);
			runOnlyForDeploymentPostprocessing = 0;
			shellPath = /bin/sh;
			shellScript = "\"${SRCROOT}/Pods/Target Support Files/Pods-Maps/Pods-Maps-resources.sh\"\n";
			showEnvVarsInLog = 0;
		};
		B6DD056FE33D37105E883FAC /* [CP] Embed Pods Frameworks */ = {
			isa = PBXShellScriptBuildPhase;
			buildActionMask = 2147483647;
			files = (
			);
			inputPaths = (
			);
			name = "[CP] Embed Pods Frameworks";
			outputPaths = (
			);
			runOnlyForDeploymentPostprocessing = 0;
			shellPath = /bin/sh;
			shellScript = "\"${SRCROOT}/Pods/Target Support Files/Pods-Maps/Pods-Maps-frameworks.sh\"\n";
			showEnvVarsInLog = 0;
		};
/* End PBXShellScriptBuildPhase section */

/* Begin PBXSourcesBuildPhase section */
		CB540A731FF5D4A50051411D /* Sources */ = {
			isa = PBXSourcesBuildPhase;
			buildActionMask = 2147483647;
			files = (
				CB540A921FF60BAD0051411D /* locationViewController.swift in Sources */,
				CB540A7D1FF5D4A50051411D /* ViewController.swift in Sources */,
				CB540A7B1FF5D4A50051411D /* AppDelegate.swift in Sources */,
			);
			runOnlyForDeploymentPostprocessing = 0;
		};
/* End PBXSourcesBuildPhase section */

/* Begin PBXVariantGroup section */
		CB540A7E1FF5D4A50051411D /* Main.storyboard */ = {
			isa = PBXVariantGroup;
			children = (
				CB540A7F1FF5D4A50051411D /* Base */,
			);
			name = Main.storyboard;
			sourceTree = "<group>";
		};
		CB540A831FF5D4A50051411D /* LaunchScreen.storyboard */ = {
			isa = PBXVariantGroup;
			children = (
				CB540A841FF5D4A50051411D /* Base */,
			);
			name = LaunchScreen.storyboard;
			sourceTree = "<group>";
		};
/* End PBXVariantGroup section */

/* Begin XCBuildConfiguration section */
		CB540A871FF5D4A60051411D /* Debug */ = {
			isa = XCBuildConfiguration;
			buildSettings = {
				ALWAYS_SEARCH_USER_PATHS = NO;
				CLANG_ANALYZER_NONNULL = YES;
				CLANG_ANALYZER_NUMBER_OBJECT_CONVERSION = YES_AGGRESSIVE;
				CLANG_CXX_LANGUAGE_STANDARD = "gnu++14";
				CLANG_CXX_LIBRARY = "libc++";
				CLANG_ENABLE_MODULES = YES;
				CLANG_ENABLE_OBJC_ARC = YES;
				CLANG_WARN_BLOCK_CAPTURE_AUTORELEASING = YES;
				CLANG_WARN_BOOL_CONVERSION = YES;
				CLANG_WARN_COMMA = YES;
				CLANG_WARN_CONSTANT_CONVERSION = YES;
				CLANG_WARN_DIRECT_OBJC_ISA_USAGE = YES_ERROR;
				CLANG_WARN_DOCUMENTATION_COMMENTS = YES;
				CLANG_WARN_EMPTY_BODY = YES;
				CLANG_WARN_ENUM_CONVERSION = YES;
				CLANG_WARN_INFINITE_RECURSION = YES;
				CLANG_WARN_INT_CONVERSION = YES;
				CLANG_WARN_NON_LITERAL_NULL_CONVERSION = YES;
				CLANG_WARN_OBJC_LITERAL_CONVERSION = YES;
				CLANG_WARN_OBJC_ROOT_CLASS = YES_ERROR;
				CLANG_WARN_RANGE_LOOP_ANALYSIS = YES;
				CLANG_WARN_STRICT_PROTOTYPES = YES;
				CLANG_WARN_SUSPICIOUS_MOVE = YES;
				CLANG_WARN_UNGUARDED_AVAILABILITY = YES_AGGRESSIVE;
				CLANG_WARN_UNREACHABLE_CODE = YES;
				CLANG_WARN__DUPLICATE_METHOD_MATCH = YES;
				CODE_SIGN_IDENTITY = "iPhone Developer";
				COPY_PHASE_STRIP = NO;
				DEBUG_INFORMATION_FORMAT = dwarf;
				ENABLE_STRICT_OBJC_MSGSEND = YES;
				ENABLE_TESTABILITY = YES;
				GCC_C_LANGUAGE_STANDARD = gnu11;
				GCC_DYNAMIC_NO_PIC = NO;
				GCC_NO_COMMON_BLOCKS = YES;
				GCC_OPTIMIZATION_LEVEL = 0;
				GCC_PREPROCESSOR_DEFINITIONS = (
					"DEBUG=1",
					"$(inherited)",
				);
				GCC_WARN_64_TO_32_BIT_CONVERSION = YES;
				GCC_WARN_ABOUT_RETURN_TYPE = YES_ERROR;
				GCC_WARN_UNDECLARED_SELECTOR = YES;
				GCC_WARN_UNINITIALIZED_AUTOS = YES_AGGRESSIVE;
				GCC_WARN_UNUSED_FUNCTION = YES;
				GCC_WARN_UNUSED_VARIABLE = YES;
				IPHONEOS_DEPLOYMENT_TARGET = 11.1;
				MTL_ENABLE_DEBUG_INFO = YES;
				ONLY_ACTIVE_ARCH = YES;
				SDKROOT = iphoneos;
				SWIFT_ACTIVE_COMPILATION_CONDITIONS = DEBUG;
				SWIFT_OPTIMIZATION_LEVEL = "-Onone";
			};
			name = Debug;
		};
		CB540A881FF5D4A60051411D /* Release */ = {
			isa = XCBuildConfiguration;
			buildSettings = {
				ALWAYS_SEARCH_USER_PATHS = NO;
				CLANG_ANALYZER_NONNULL = YES;
				CLANG_ANALYZER_NUMBER_OBJECT_CONVERSION = YES_AGGRESSIVE;
				CLANG_CXX_LANGUAGE_STANDARD = "gnu++14";
				CLANG_CXX_LIBRARY = "libc++";
				CLANG_ENABLE_MODULES = YES;
				CLANG_ENABLE_OBJC_ARC = YES;
				CLANG_WARN_BLOCK_CAPTURE_AUTORELEASING = YES;
				CLANG_WARN_BOOL_CONVERSION = YES;
				CLANG_WARN_COMMA = YES;
				CLANG_WARN_CONSTANT_CONVERSION = YES;
				CLANG_WARN_DIRECT_OBJC_ISA_USAGE = YES_ERROR;
				CLANG_WARN_DOCUMENTATION_COMMENTS = YES;
				CLANG_WARN_EMPTY_BODY = YES;
				CLANG_WARN_ENUM_CONVERSION = YES;
				CLANG_WARN_INFINITE_RECURSION = YES;
				CLANG_WARN_INT_CONVERSION = YES;
				CLANG_WARN_NON_LITERAL_NULL_CONVERSION = YES;
				CLANG_WARN_OBJC_LITERAL_CONVERSION = YES;
				CLANG_WARN_OBJC_ROOT_CLASS = YES_ERROR;
				CLANG_WARN_RANGE_LOOP_ANALYSIS = YES;
				CLANG_WARN_STRICT_PROTOTYPES = YES;
				CLANG_WARN_SUSPICIOUS_MOVE = YES;
				CLANG_WARN_UNGUARDED_AVAILABILITY = YES_AGGRESSIVE;
				CLANG_WARN_UNREACHABLE_CODE = YES;
				CLANG_WARN__DUPLICATE_METHOD_MATCH = YES;
				CODE_SIGN_IDENTITY = "iPhone Developer";
				COPY_PHASE_STRIP = NO;
				DEBUG_INFORMATION_FORMAT = "dwarf-with-dsym";
				ENABLE_NS_ASSERTIONS = NO;
				ENABLE_STRICT_OBJC_MSGSEND = YES;
				GCC_C_LANGUAGE_STANDARD = gnu11;
				GCC_NO_COMMON_BLOCKS = YES;
				GCC_WARN_64_TO_32_BIT_CONVERSION = YES;
				GCC_WARN_ABOUT_RETURN_TYPE = YES_ERROR;
				GCC_WARN_UNDECLARED_SELECTOR = YES;
				GCC_WARN_UNINITIALIZED_AUTOS = YES_AGGRESSIVE;
				GCC_WARN_UNUSED_FUNCTION = YES;
				GCC_WARN_UNUSED_VARIABLE = YES;
				IPHONEOS_DEPLOYMENT_TARGET = 11.1;
				MTL_ENABLE_DEBUG_INFO = NO;
				SDKROOT = iphoneos;
				SWIFT_OPTIMIZATION_LEVEL = "-Owholemodule";
				VALIDATE_PRODUCT = YES;
			};
			name = Release;
		};
		CB540A8A1FF5D4A60051411D /* Debug */ = {
			isa = XCBuildConfiguration;
			baseConfigurationReference = DFFF8BE6557711FC7A27584D /* Pods-Maps.debug.xcconfig */;
			buildSettings = {
				ASSETCATALOG_COMPILER_APPICON_NAME = AppIcon;
				CODE_SIGN_STYLE = Automatic;
				DEVELOPMENT_TEAM = 7HD34248KJ;
				INFOPLIST_FILE = Maps/Info.plist;
				IPHONEOS_DEPLOYMENT_TARGET = 9.3;
				LD_RUNPATH_SEARCH_PATHS = "$(inherited) @executable_path/Frameworks";
				PRODUCT_BUNDLE_IDENTIFIER = Mokumoku.Maps;
				PRODUCT_NAME = "$(TARGET_NAME)";
				SWIFT_OBJC_BRIDGING_HEADER = "GoogleMapProject-Bridging-Header.h";
				SWIFT_VERSION = 4.0;
				TARGETED_DEVICE_FAMILY = "1,2";
			};
			name = Debug;
		};
		CB540A8B1FF5D4A60051411D /* Release */ = {
			isa = XCBuildConfiguration;
			baseConfigurationReference = 598BCE72EF64F9893A2BD08A /* Pods-Maps.release.xcconfig */;
			buildSettings = {
				ASSETCATALOG_COMPILER_APPICON_NAME = AppIcon;
				CODE_SIGN_STYLE = Automatic;
				DEVELOPMENT_TEAM = 7HD34248KJ;
				INFOPLIST_FILE = Maps/Info.plist;
				IPHONEOS_DEPLOYMENT_TARGET = 9.3;
				LD_RUNPATH_SEARCH_PATHS = "$(inherited) @executable_path/Frameworks";
				PRODUCT_BUNDLE_IDENTIFIER = Mokumoku.Maps;
				PRODUCT_NAME = "$(TARGET_NAME)";
				SWIFT_OBJC_BRIDGING_HEADER = "GoogleMapProject-Bridging-Header.h";
				SWIFT_VERSION = 4.0;
				TARGETED_DEVICE_FAMILY = "1,2";
			};
			name = Release;
		};
/* End XCBuildConfiguration section */

/* Begin XCConfigurationList section */
		CB540A721FF5D4A50051411D /* Build configuration list for PBXProject "Maps" */ = {
			isa = XCConfigurationList;
			buildConfigurations = (
				CB540A871FF5D4A60051411D /* Debug */,
				CB540A881FF5D4A60051411D /* Release */,
			);
			defaultConfigurationIsVisible = 0;
			defaultConfigurationName = Release;
		};
		CB540A891FF5D4A60051411D /* Build configuration list for PBXNativeTarget "Maps" */ = {
			isa = XCConfigurationList;
			buildConfigurations = (
				CB540A8A1FF5D4A60051411D /* Debug */,
				CB540A8B1FF5D4A60051411D /* Release */,
			);
			defaultConfigurationIsVisible = 0;
			defaultConfigurationName = Release;
		};
/* End XCConfigurationList section */
	};
	rootObject = CB540A6F1FF5D4A50051411D /* Project object */;
}
