// !$*UTF8*$!
{
	archiveVersion = 1;
	classes = {
	};
	objectVersion = 48;
	objects = {

/* Begin PBXBuildFile section */
		CB23616F1FFB8BCD00A5873F /* AppDelegate.swift in Sources */ = {isa = PBXBuildFile; fileRef = CB23616E1FFB8BCD00A5873F /* AppDelegate.swift */; };
		CB2361711FFB8BCD00A5873F /* ViewController.swift in Sources */ = {isa = PBXBuildFile; fileRef = CB2361701FFB8BCD00A5873F /* ViewController.swift */; };
		CB2361741FFB8BCD00A5873F /* Main.storyboard in Resources */ = {isa = PBXBuildFile; fileRef = CB2361721FFB8BCD00A5873F /* Main.storyboard */; };
		CB2361761FFB8BCD00A5873F /* Assets.xcassets in Resources */ = {isa = PBXBuildFile; fileRef = CB2361751FFB8BCD00A5873F /* Assets.xcassets */; };
		CB2361791FFB8BCD00A5873F /* LaunchScreen.storyboard in Resources */ = {isa = PBXBuildFile; fileRef = CB2361771FFB8BCD00A5873F /* LaunchScreen.storyboard */; };
/* End PBXBuildFile section */

/* Begin PBXFileReference section */
		CB23616B1FFB8BCD00A5873F /* BuletoothSamplePeripheral.app */ = {isa = PBXFileReference; explicitFileType = wrapper.application; includeInIndex = 0; path = BuletoothSamplePeripheral.app; sourceTree = BUILT_PRODUCTS_DIR; };
		CB23616E1FFB8BCD00A5873F /* AppDelegate.swift */ = {isa = PBXFileReference; lastKnownFileType = sourcecode.swift; path = AppDelegate.swift; sourceTree = "<group>"; };
		CB2361701FFB8BCD00A5873F /* ViewController.swift */ = {isa = PBXFileReference; lastKnownFileType = sourcecode.swift; path = ViewController.swift; sourceTree = "<group>"; };
		CB2361731FFB8BCD00A5873F /* Base */ = {isa = PBXFileReference; lastKnownFileType = file.storyboard; name = Base; path = Base.lproj/Main.storyboard; sourceTree = "<group>"; };
		CB2361751FFB8BCD00A5873F /* Assets.xcassets */ = {isa = PBXFileReference; lastKnownFileType = folder.assetcatalog; path = Assets.xcassets; sourceTree = "<group>"; };
		CB2361781FFB8BCD00A5873F /* Base */ = {isa = PBXFileReference; lastKnownFileType = file.storyboard; name = Base; path = Base.lproj/LaunchScreen.storyboard; sourceTree = "<group>"; };
		CB23617A1FFB8BCD00A5873F /* Info.plist */ = {isa = PBXFileReference; lastKnownFileType = text.plist.xml; path = Info.plist; sourceTree = "<group>"; };
/* End PBXFileReference section */

/* Begin PBXFrameworksBuildPhase section */
		CB2361681FFB8BCD00A5873F /* Frameworks */ = {
			isa = PBXFrameworksBuildPhase;
			buildActionMask = 2147483647;
			files = (
			);
			runOnlyForDeploymentPostprocessing = 0;
		};
/* End PBXFrameworksBuildPhase section */

/* Begin PBXGroup section */
		CB2361621FFB8BCD00A5873F = {
			isa = PBXGroup;
			children = (
				CB23616D1FFB8BCD00A5873F /* BuletoothSamplePeripheral */,
				CB23616C1FFB8BCD00A5873F /* Products */,
			);
			sourceTree = "<group>";
		};
		CB23616C1FFB8BCD00A5873F /* Products */ = {
			isa = PBXGroup;
			children = (
				CB23616B1FFB8BCD00A5873F /* BuletoothSamplePeripheral.app */,
			);
			name = Products;
			sourceTree = "<group>";
		};
		CB23616D1FFB8BCD00A5873F /* BuletoothSamplePeripheral */ = {
			isa = PBXGroup;
			children = (
				CB23616E1FFB8BCD00A5873F /* AppDelegate.swift */,
				CB2361701FFB8BCD00A5873F /* ViewController.swift */,
				CB2361721FFB8BCD00A5873F /* Main.storyboard */,
				CB2361751FFB8BCD00A5873F /* Assets.xcassets */,
				CB2361771FFB8BCD00A5873F /* LaunchScreen.storyboard */,
				CB23617A1FFB8BCD00A5873F /* Info.plist */,
			);
			path = BuletoothSamplePeripheral;
			sourceTree = "<group>";
		};
/* End PBXGroup section */

/* Begin PBXNativeTarget section */
		CB23616A1FFB8BCD00A5873F /* BuletoothSamplePeripheral */ = {
			isa = PBXNativeTarget;
			buildConfigurationList = CB23617D1FFB8BCD00A5873F /* Build configuration list for PBXNativeTarget "BuletoothSamplePeripheral" */;
			buildPhases = (
				CB2361671FFB8BCD00A5873F /* Sources */,
				CB2361681FFB8BCD00A5873F /* Frameworks */,
				CB2361691FFB8BCD00A5873F /* Resources */,
			);
			buildRules = (
			);
			dependencies = (
			);
			name = BuletoothSamplePeripheral;
			productName = BuletoothSamplePeripheral;
			productReference = CB23616B1FFB8BCD00A5873F /* BuletoothSamplePeripheral.app */;
			productType = "com.apple.product-type.application";
		};
/* End PBXNativeTarget section */

/* Begin PBXProject section */
		CB2361631FFB8BCD00A5873F /* Project object */ = {
			isa = PBXProject;
			attributes = {
				LastSwiftUpdateCheck = 0920;
				LastUpgradeCheck = 0920;
				ORGANIZATIONNAME = "野崎勇樹";
				TargetAttributes = {
					CB23616A1FFB8BCD00A5873F = {
						CreatedOnToolsVersion = 9.2;
						ProvisioningStyle = Automatic;
					};
				};
			};
			buildConfigurationList = CB2361661FFB8BCD00A5873F /* Build configuration list for PBXProject "BuletoothSamplePeripheral" */;
			compatibilityVersion = "Xcode 8.0";
			developmentRegion = en;
			hasScannedForEncodings = 0;
			knownRegions = (
				en,
				Base,
			);
			mainGroup = CB2361621FFB8BCD00A5873F;
			productRefGroup = CB23616C1FFB8BCD00A5873F /* Products */;
			projectDirPath = "";
			projectRoot = "";
			targets = (
				CB23616A1FFB8BCD00A5873F /* BuletoothSamplePeripheral */,
			);
		};
/* End PBXProject section */

/* Begin PBXResourcesBuildPhase section */
		CB2361691FFB8BCD00A5873F /* Resources */ = {
			isa = PBXResourcesBuildPhase;
			buildActionMask = 2147483647;
			files = (
				CB2361791FFB8BCD00A5873F /* LaunchScreen.storyboard in Resources */,
				CB2361761FFB8BCD00A5873F /* Assets.xcassets in Resources */,
				CB2361741FFB8BCD00A5873F /* Main.storyboard in Resources */,
			);
			runOnlyForDeploymentPostprocessing = 0;
		};
/* End PBXResourcesBuildPhase section */

/* Begin PBXSourcesBuildPhase section */
		CB2361671FFB8BCD00A5873F /* Sources */ = {
			isa = PBXSourcesBuildPhase;
			buildActionMask = 2147483647;
			files = (
				CB2361711FFB8BCD00A5873F /* ViewController.swift in Sources */,
				CB23616F1FFB8BCD00A5873F /* AppDelegate.swift in Sources */,
			);
			runOnlyForDeploymentPostprocessing = 0;
		};
/* End PBXSourcesBuildPhase section */

/* Begin PBXVariantGroup section */
		CB2361721FFB8BCD00A5873F /* Main.storyboard */ = {
			isa = PBXVariantGroup;
			children = (
				CB2361731FFB8BCD00A5873F /* Base */,
			);
			name = Main.storyboard;
			sourceTree = "<group>";
		};
		CB2361771FFB8BCD00A5873F /* LaunchScreen.storyboard */ = {
			isa = PBXVariantGroup;
			children = (
				CB2361781FFB8BCD00A5873F /* Base */,
			);
			name = LaunchScreen.storyboard;
			sourceTree = "<group>";
		};
/* End PBXVariantGroup section */

/* Begin XCBuildConfiguration section */
		CB23617B1FFB8BCD00A5873F /* Debug */ = {
			isa = XCBuildConfiguration;
			buildSettings = {
				ALWAYS_SEARCH_USER_PATHS = NO;
				CLANG_ANALYZER_NONNULL = YES;
				CLANG_ANALYZER_NUMBER_OBJECT_CONVERSION = YES_AGGRESSIVE;
				CLANG_CXX_LANGUAGE_STANDARD = "gnu++14";
				CLANG_CXX_LIBRARY = "libc++";
				CLANG_ENABLE_MODULES = YES;
				CLANG_ENABLE_OBJC_ARC = YES;
				CLANG_WARN_BLOCK_CAPTURE_AUTORELEASING = YES;
				CLANG_WARN_BOOL_CONVERSION = YES;
				CLANG_WARN_COMMA = YES;
				CLANG_WARN_CONSTANT_CONVERSION = YES;
				CLANG_WARN_DIRECT_OBJC_ISA_USAGE = YES_ERROR;
				CLANG_WARN_DOCUMENTATION_COMMENTS = YES;
				CLANG_WARN_EMPTY_BODY = YES;
				CLANG_WARN_ENUM_CONVERSION = YES;
				CLANG_WARN_INFINITE_RECURSION = YES;
				CLANG_WARN_INT_CONVERSION = YES;
				CLANG_WARN_NON_LITERAL_NULL_CONVERSION = YES;
				CLANG_WARN_OBJC_LITERAL_CONVERSION = YES;
				CLANG_WARN_OBJC_ROOT_CLASS = YES_ERROR;
				CLANG_WARN_RANGE_LOOP_ANALYSIS = YES;
				CLANG_WARN_STRICT_PROTOTYPES = YES;
				CLANG_WARN_SUSPICIOUS_MOVE = YES;
				CLANG_WARN_UNGUARDED_AVAILABILITY = YES_AGGRESSIVE;
				CLANG_WARN_UNREACHABLE_CODE = YES;
				CLANG_WARN__DUPLICATE_METHOD_MATCH = YES;
				CODE_SIGN_IDENTITY = "iPhone Developer";
				COPY_PHASE_STRIP = NO;
				DEBUG_INFORMATION_FORMAT = dwarf;
				ENABLE_STRICT_OBJC_MSGSEND = YES;
				ENABLE_TESTABILITY = YES;
				GCC_C_LANGUAGE_STANDARD = gnu11;
				GCC_DYNAMIC_NO_PIC = NO;
				GCC_NO_COMMON_BLOCKS = YES;
				GCC_OPTIMIZATION_LEVEL = 0;
				GCC_PREPROCESSOR_DEFINITIONS = (
					"DEBUG=1",
					"$(inherited)",
				);
				GCC_WARN_64_TO_32_BIT_CONVERSION = YES;
				GCC_WARN_ABOUT_RETURN_TYPE = YES_ERROR;
				GCC_WARN_UNDECLARED_SELECTOR = YES;
				GCC_WARN_UNINITIALIZED_AUTOS = YES_AGGRESSIVE;
				GCC_WARN_UNUSED_FUNCTION = YES;
				GCC_WARN_UNUSED_VARIABLE = YES;
				IPHONEOS_DEPLOYMENT_TARGET = 11.2;
				MTL_ENABLE_DEBUG_INFO = YES;
				ONLY_ACTIVE_ARCH = YES;
				SDKROOT = iphoneos;
				SWIFT_ACTIVE_COMPILATION_CONDITIONS = DEBUG;
				SWIFT_OPTIMIZATION_LEVEL = "-Onone";
			};
			name = Debug;
		};
		CB23617C1FFB8BCD00A5873F /* Release */ = {
			isa = XCBuildConfiguration;
			buildSettings = {
				ALWAYS_SEARCH_USER_PATHS = NO;
				CLANG_ANALYZER_NONNULL = YES;
				CLANG_ANALYZER_NUMBER_OBJECT_CONVERSION = YES_AGGRESSIVE;
				CLANG_CXX_LANGUAGE_STANDARD = "gnu++14";
				CLANG_CXX_LIBRARY = "libc++";
				CLANG_ENABLE_MODULES = YES;
				CLANG_ENABLE_OBJC_ARC = YES;
				CLANG_WARN_BLOCK_CAPTURE_AUTORELEASING = YES;
				CLANG_WARN_BOOL_CONVERSION = YES;
				CLANG_WARN_COMMA = YES;
				CLANG_WARN_CONSTANT_CONVERSION = YES;
				CLANG_WARN_DIRECT_OBJC_ISA_USAGE = YES_ERROR;
				CLANG_WARN_DOCUMENTATION_COMMENTS = YES;
				CLANG_WARN_EMPTY_BODY = YES;
				CLANG_WARN_ENUM_CONVERSION = YES;
				CLANG_WARN_INFINITE_RECURSION = YES;
				CLANG_WARN_INT_CONVERSION = YES;
				CLANG_WARN_NON_LITERAL_NULL_CONVERSION = YES;
				CLANG_WARN_OBJC_LITERAL_CONVERSION = YES;
				CLANG_WARN_OBJC_ROOT_CLASS = YES_ERROR;
				CLANG_WARN_RANGE_LOOP_ANALYSIS = YES;
				CLANG_WARN_STRICT_PROTOTYPES = YES;
				CLANG_WARN_SUSPICIOUS_MOVE = YES;
				CLANG_WARN_UNGUARDED_AVAILABILITY = YES_AGGRESSIVE;
				CLANG_WARN_UNREACHABLE_CODE = YES;
				CLANG_WARN__DUPLICATE_METHOD_MATCH = YES;
				CODE_SIGN_IDENTITY = "iPhone Developer";
				COPY_PHASE_STRIP = NO;
				DEBUG_INFORMATION_FORMAT = "dwarf-with-dsym";
				ENABLE_NS_ASSERTIONS = NO;
				ENABLE_STRICT_OBJC_MSGSEND = YES;
				GCC_C_LANGUAGE_STANDARD = gnu11;
				GCC_NO_COMMON_BLOCKS = YES;
				GCC_WARN_64_TO_32_BIT_CONVERSION = YES;
				GCC_WARN_ABOUT_RETURN_TYPE = YES_ERROR;
				GCC_WARN_UNDECLARED_SELECTOR = YES;
				GCC_WARN_UNINITIALIZED_AUTOS = YES_AGGRESSIVE;
				GCC_WARN_UNUSED_FUNCTION = YES;
				GCC_WARN_UNUSED_VARIABLE = YES;
				IPHONEOS_DEPLOYMENT_TARGET = 11.2;
				MTL_ENABLE_DEBUG_INFO = NO;
				SDKROOT = iphoneos;
				SWIFT_OPTIMIZATION_LEVEL = "-Owholemodule";
				VALIDATE_PRODUCT = YES;
			};
			name = Release;
		};
		CB23617E1FFB8BCD00A5873F /* Debug */ = {
			isa = XCBuildConfiguration;
			buildSettings = {
				ASSETCATALOG_COMPILER_APPICON_NAME = AppIcon;
				CODE_SIGN_STYLE = Automatic;
				DEVELOPMENT_TEAM = 7HD34248KJ;
				INFOPLIST_FILE = BuletoothSamplePeripheral/Info.plist;
				LD_RUNPATH_SEARCH_PATHS = "$(inherited) @executable_path/Frameworks";
				PRODUCT_BUNDLE_IDENTIFIER = Mokumoku.BuletoothSamplePeripheral;
				PRODUCT_NAME = "$(TARGET_NAME)";
				SWIFT_VERSION = 4.0;
				TARGETED_DEVICE_FAMILY = "1,2";
			};
			name = Debug;
		};
		CB23617F1FFB8BCD00A5873F /* Release */ = {
			isa = XCBuildConfiguration;
			buildSettings = {
				ASSETCATALOG_COMPILER_APPICON_NAME = AppIcon;
				CODE_SIGN_STYLE = Automatic;
				DEVELOPMENT_TEAM = 7HD34248KJ;
				INFOPLIST_FILE = BuletoothSamplePeripheral/Info.plist;
				LD_RUNPATH_SEARCH_PATHS = "$(inherited) @executable_path/Frameworks";
				PRODUCT_BUNDLE_IDENTIFIER = Mokumoku.BuletoothSamplePeripheral;
				PRODUCT_NAME = "$(TARGET_NAME)";
				SWIFT_VERSION = 4.0;
				TARGETED_DEVICE_FAMILY = "1,2";
			};
			name = Release;
		};
/* End XCBuildConfiguration section */

/* Begin XCConfigurationList section */
		CB2361661FFB8BCD00A5873F /* Build configuration list for PBXProject "BuletoothSamplePeripheral" */ = {
			isa = XCConfigurationList;
			buildConfigurations = (
				CB23617B1FFB8BCD00A5873F /* Debug */,
				CB23617C1FFB8BCD00A5873F /* Release */,
			);
			defaultConfigurationIsVisible = 0;
			defaultConfigurationName = Release;
		};
		CB23617D1FFB8BCD00A5873F /* Build configuration list for PBXNativeTarget "BuletoothSamplePeripheral" */ = {
			isa = XCConfigurationList;
			buildConfigurations = (
				CB23617E1FFB8BCD00A5873F /* Debug */,
				CB23617F1FFB8BCD00A5873F /* Release */,
			);
			defaultConfigurationIsVisible = 0;
			defaultConfigurationName = Release;
		};
/* End XCConfigurationList section */
	};
	rootObject = CB2361631FFB8BCD00A5873F /* Project object */;
}
