// !$*UTF8*$!
{
	archiveVersion = 1;
	classes = {
	};
	objectVersion = 48;
	objects = {

/* Begin PBXBuildFile section */
		165AEA4F60BA97B517D1A598 /* Pods_UseRealm.framework in Frameworks */ = {isa = PBXBuildFile; fileRef = B96E001EA5D61A5A517496C6 /* Pods_UseRealm.framework */; };
		CB0C148A202FF41D00C6B78D /* AppDelegate.swift in Sources */ = {isa = PBXBuildFile; fileRef = CB0C1489202FF41D00C6B78D /* AppDelegate.swift */; };
		CB0C148C202FF41D00C6B78D /* ViewController.swift in Sources */ = {isa = PBXBuildFile; fileRef = CB0C148B202FF41D00C6B78D /* ViewController.swift */; };
		CB0C148F202FF41D00C6B78D /* Main.storyboard in Resources */ = {isa = PBXBuildFile; fileRef = CB0C148D202FF41D00C6B78D /* Main.storyboard */; };
		CB0C1491202FF41D00C6B78D /* Assets.xcassets in Resources */ = {isa = PBXBuildFile; fileRef = CB0C1490202FF41D00C6B78D /* Assets.xcassets */; };
		CB0C1494202FF41D00C6B78D /* LaunchScreen.storyboard in Resources */ = {isa = PBXBuildFile; fileRef = CB0C1492202FF41D00C6B78D /* LaunchScreen.storyboard */; };
		CB0C149D202FF57C00C6B78D /* RealmModel.swift in Sources */ = {isa = PBXBuildFile; fileRef = CB0C149C202FF57C00C6B78D /* RealmModel.swift */; };
/* End PBXBuildFile section */

/* Begin PBXFileReference section */
		758787ADE05032C1A68FE40A /* Pods-UseRealm.release.xcconfig */ = {isa = PBXFileReference; includeInIndex = 1; lastKnownFileType = text.xcconfig; name = "Pods-UseRealm.release.xcconfig"; path = "Pods/Target Support Files/Pods-UseRealm/Pods-UseRealm.release.xcconfig"; sourceTree = "<group>"; };
		B96E001EA5D61A5A517496C6 /* Pods_UseRealm.framework */ = {isa = PBXFileReference; explicitFileType = wrapper.framework; includeInIndex = 0; path = Pods_UseRealm.framework; sourceTree = BUILT_PRODUCTS_DIR; };
		C3676BABB1B5A1454EBEECD1 /* Pods-UseRealm.debug.xcconfig */ = {isa = PBXFileReference; includeInIndex = 1; lastKnownFileType = text.xcconfig; name = "Pods-UseRealm.debug.xcconfig"; path = "Pods/Target Support Files/Pods-UseRealm/Pods-UseRealm.debug.xcconfig"; sourceTree = "<group>"; };
		CB0C1486202FF41D00C6B78D /* UseRealm.app */ = {isa = PBXFileReference; explicitFileType = wrapper.application; includeInIndex = 0; path = UseRealm.app; sourceTree = BUILT_PRODUCTS_DIR; };
		CB0C1489202FF41D00C6B78D /* AppDelegate.swift */ = {isa = PBXFileReference; lastKnownFileType = sourcecode.swift; path = AppDelegate.swift; sourceTree = "<group>"; };
		CB0C148B202FF41D00C6B78D /* ViewController.swift */ = {isa = PBXFileReference; lastKnownFileType = sourcecode.swift; path = ViewController.swift; sourceTree = "<group>"; };
		CB0C148E202FF41D00C6B78D /* Base */ = {isa = PBXFileReference; lastKnownFileType = file.storyboard; name = Base; path = Base.lproj/Main.storyboard; sourceTree = "<group>"; };
		CB0C1490202FF41D00C6B78D /* Assets.xcassets */ = {isa = PBXFileReference; lastKnownFileType = folder.assetcatalog; path = Assets.xcassets; sourceTree = "<group>"; };
		CB0C1493202FF41D00C6B78D /* Base */ = {isa = PBXFileReference; lastKnownFileType = file.storyboard; name = Base; path = Base.lproj/LaunchScreen.storyboard; sourceTree = "<group>"; };
		CB0C1495202FF41D00C6B78D /* Info.plist */ = {isa = PBXFileReference; lastKnownFileType = text.plist.xml; path = Info.plist; sourceTree = "<group>"; };
		CB0C149C202FF57C00C6B78D /* RealmModel.swift */ = {isa = PBXFileReference; lastKnownFileType = sourcecode.swift; path = RealmModel.swift; sourceTree = "<group>"; };
/* End PBXFileReference section */

/* Begin PBXFrameworksBuildPhase section */
		CB0C1483202FF41D00C6B78D /* Frameworks */ = {
			isa = PBXFrameworksBuildPhase;
			buildActionMask = 2147483647;
			files = (
				165AEA4F60BA97B517D1A598 /* Pods_UseRealm.framework in Frameworks */,
			);
			runOnlyForDeploymentPostprocessing = 0;
		};
/* End PBXFrameworksBuildPhase section */

/* Begin PBXGroup section */
		1EBD0607E0F6BB5C53C2BC61 /* Pods */ = {
			isa = PBXGroup;
			children = (
				C3676BABB1B5A1454EBEECD1 /* Pods-UseRealm.debug.xcconfig */,
				758787ADE05032C1A68FE40A /* Pods-UseRealm.release.xcconfig */,
			);
			name = Pods;
			sourceTree = "<group>";
		};
		CB0C147D202FF41D00C6B78D = {
			isa = PBXGroup;
			children = (
				CB0C1488202FF41D00C6B78D /* UseRealm */,
				CB0C1487202FF41D00C6B78D /* Products */,
				1EBD0607E0F6BB5C53C2BC61 /* Pods */,
				FEDDD7CABF396191EF73C255 /* Frameworks */,
			);
			sourceTree = "<group>";
		};
		CB0C1487202FF41D00C6B78D /* Products */ = {
			isa = PBXGroup;
			children = (
				CB0C1486202FF41D00C6B78D /* UseRealm.app */,
			);
			name = Products;
			sourceTree = "<group>";
		};
		CB0C1488202FF41D00C6B78D /* UseRealm */ = {
			isa = PBXGroup;
			children = (
				CB0C1489202FF41D00C6B78D /* AppDelegate.swift */,
				CB0C148B202FF41D00C6B78D /* ViewController.swift */,
				CB0C148D202FF41D00C6B78D /* Main.storyboard */,
				CB0C1490202FF41D00C6B78D /* Assets.xcassets */,
				CB0C1492202FF41D00C6B78D /* LaunchScreen.storyboard */,
				CB0C1495202FF41D00C6B78D /* Info.plist */,
				CB0C149B202FF56300C6B78D /* Model */,
			);
			path = UseRealm;
			sourceTree = "<group>";
		};
		CB0C149B202FF56300C6B78D /* Model */ = {
			isa = PBXGroup;
			children = (
				CB0C149C202FF57C00C6B78D /* RealmModel.swift */,
			);
			path = Model;
			sourceTree = "<group>";
		};
		FEDDD7CABF396191EF73C255 /* Frameworks */ = {
			isa = PBXGroup;
			children = (
				B96E001EA5D61A5A517496C6 /* Pods_UseRealm.framework */,
			);
			name = Frameworks;
			sourceTree = "<group>";
		};
/* End PBXGroup section */

/* Begin PBXNativeTarget section */
		CB0C1485202FF41D00C6B78D /* UseRealm */ = {
			isa = PBXNativeTarget;
			buildConfigurationList = CB0C1498202FF41D00C6B78D /* Build configuration list for PBXNativeTarget "UseRealm" */;
			buildPhases = (
				1F50CB1737F61B346085E02B /* [CP] Check Pods Manifest.lock */,
				CB0C1482202FF41D00C6B78D /* Sources */,
				CB0C1483202FF41D00C6B78D /* Frameworks */,
				CB0C1484202FF41D00C6B78D /* Resources */,
				9C4C16EF6FDF2FF803BC0659 /* [CP] Embed Pods Frameworks */,
				BD1639CD20C3E2EE70D1FC89 /* [CP] Copy Pods Resources */,
			);
			buildRules = (
			);
			dependencies = (
			);
			name = UseRealm;
			productName = UseRealm;
			productReference = CB0C1486202FF41D00C6B78D /* UseRealm.app */;
			productType = "com.apple.product-type.application";
		};
/* End PBXNativeTarget section */

/* Begin PBXProject section */
		CB0C147E202FF41D00C6B78D /* Project object */ = {
			isa = PBXProject;
			attributes = {
				LastSwiftUpdateCheck = 0920;
				LastUpgradeCheck = 0920;
				ORGANIZATIONNAME = "野崎勇樹";
				TargetAttributes = {
					CB0C1485202FF41D00C6B78D = {
						CreatedOnToolsVersion = 9.2;
						ProvisioningStyle = Automatic;
					};
				};
			};
			buildConfigurationList = CB0C1481202FF41D00C6B78D /* Build configuration list for PBXProject "UseRealm" */;
			compatibilityVersion = "Xcode 8.0";
			developmentRegion = en;
			hasScannedForEncodings = 0;
			knownRegions = (
				en,
				Base,
			);
			mainGroup = CB0C147D202FF41D00C6B78D;
			productRefGroup = CB0C1487202FF41D00C6B78D /* Products */;
			projectDirPath = "";
			projectRoot = "";
			targets = (
				CB0C1485202FF41D00C6B78D /* UseRealm */,
			);
		};
/* End PBXProject section */

/* Begin PBXResourcesBuildPhase section */
		CB0C1484202FF41D00C6B78D /* Resources */ = {
			isa = PBXResourcesBuildPhase;
			buildActionMask = 2147483647;
			files = (
				CB0C1494202FF41D00C6B78D /* LaunchScreen.storyboard in Resources */,
				CB0C1491202FF41D00C6B78D /* Assets.xcassets in Resources */,
				CB0C148F202FF41D00C6B78D /* Main.storyboard in Resources */,
			);
			runOnlyForDeploymentPostprocessing = 0;
		};
/* End PBXResourcesBuildPhase section */

/* Begin PBXShellScriptBuildPhase section */
		1F50CB1737F61B346085E02B /* [CP] Check Pods Manifest.lock */ = {
			isa = PBXShellScriptBuildPhase;
			buildActionMask = 2147483647;
			files = (
			);
			inputPaths = (
				"${PODS_PODFILE_DIR_PATH}/Podfile.lock",
				"${PODS_ROOT}/Manifest.lock",
			);
			name = "[CP] Check Pods Manifest.lock";
			outputPaths = (
				"$(DERIVED_FILE_DIR)/Pods-UseRealm-checkManifestLockResult.txt",
			);
			runOnlyForDeploymentPostprocessing = 0;
			shellPath = /bin/sh;
			shellScript = "diff \"${PODS_PODFILE_DIR_PATH}/Podfile.lock\" \"${PODS_ROOT}/Manifest.lock\" > /dev/null\nif [ $? != 0 ] ; then\n    # print error to STDERR\n    echo \"error: The sandbox is not in sync with the Podfile.lock. Run 'pod install' or update your CocoaPods installation.\" >&2\n    exit 1\nfi\n# This output is used by Xcode 'outputs' to avoid re-running this script phase.\necho \"SUCCESS\" > \"${SCRIPT_OUTPUT_FILE_0}\"\n";
			showEnvVarsInLog = 0;
		};
		9C4C16EF6FDF2FF803BC0659 /* [CP] Embed Pods Frameworks */ = {
			isa = PBXShellScriptBuildPhase;
			buildActionMask = 2147483647;
			files = (
			);
			inputPaths = (
				"${SRCROOT}/Pods/Target Support Files/Pods-UseRealm/Pods-UseRealm-frameworks.sh",
				"${BUILT_PRODUCTS_DIR}/Realm/Realm.framework",
				"${BUILT_PRODUCTS_DIR}/RealmSwift/RealmSwift.framework",
			);
			name = "[CP] Embed Pods Frameworks";
			outputPaths = (
				"${TARGET_BUILD_DIR}/${FRAMEWORKS_FOLDER_PATH}/Realm.framework",
				"${TARGET_BUILD_DIR}/${FRAMEWORKS_FOLDER_PATH}/RealmSwift.framework",
			);
			runOnlyForDeploymentPostprocessing = 0;
			shellPath = /bin/sh;
			shellScript = "\"${SRCROOT}/Pods/Target Support Files/Pods-UseRealm/Pods-UseRealm-frameworks.sh\"\n";
			showEnvVarsInLog = 0;
		};
		BD1639CD20C3E2EE70D1FC89 /* [CP] Copy Pods Resources */ = {
			isa = PBXShellScriptBuildPhase;
			buildActionMask = 2147483647;
			files = (
			);
			inputPaths = (
			);
			name = "[CP] Copy Pods Resources";
			outputPaths = (
			);
			runOnlyForDeploymentPostprocessing = 0;
			shellPath = /bin/sh;
			shellScript = "\"${SRCROOT}/Pods/Target Support Files/Pods-UseRealm/Pods-UseRealm-resources.sh\"\n";
			showEnvVarsInLog = 0;
		};
/* End PBXShellScriptBuildPhase section */

/* Begin PBXSourcesBuildPhase section */
		CB0C1482202FF41D00C6B78D /* Sources */ = {
			isa = PBXSourcesBuildPhase;
			buildActionMask = 2147483647;
			files = (
				CB0C148C202FF41D00C6B78D /* ViewController.swift in Sources */,
				CB0C149D202FF57C00C6B78D /* RealmModel.swift in Sources */,
				CB0C148A202FF41D00C6B78D /* AppDelegate.swift in Sources */,
			);
			runOnlyForDeploymentPostprocessing = 0;
		};
/* End PBXSourcesBuildPhase section */

/* Begin PBXVariantGroup section */
		CB0C148D202FF41D00C6B78D /* Main.storyboard */ = {
			isa = PBXVariantGroup;
			children = (
				CB0C148E202FF41D00C6B78D /* Base */,
			);
			name = Main.storyboard;
			sourceTree = "<group>";
		};
		CB0C1492202FF41D00C6B78D /* LaunchScreen.storyboard */ = {
			isa = PBXVariantGroup;
			children = (
				CB0C1493202FF41D00C6B78D /* Base */,
			);
			name = LaunchScreen.storyboard;
			sourceTree = "<group>";
		};
/* End PBXVariantGroup section */

/* Begin XCBuildConfiguration section */
		CB0C1496202FF41D00C6B78D /* Debug */ = {
			isa = XCBuildConfiguration;
			buildSettings = {
				ALWAYS_SEARCH_USER_PATHS = NO;
				CLANG_ANALYZER_NONNULL = YES;
				CLANG_ANALYZER_NUMBER_OBJECT_CONVERSION = YES_AGGRESSIVE;
				CLANG_CXX_LANGUAGE_STANDARD = "gnu++14";
				CLANG_CXX_LIBRARY = "libc++";
				CLANG_ENABLE_MODULES = YES;
				CLANG_ENABLE_OBJC_ARC = YES;
				CLANG_WARN_BLOCK_CAPTURE_AUTORELEASING = YES;
				CLANG_WARN_BOOL_CONVERSION = YES;
				CLANG_WARN_COMMA = YES;
				CLANG_WARN_CONSTANT_CONVERSION = YES;
				CLANG_WARN_DIRECT_OBJC_ISA_USAGE = YES_ERROR;
				CLANG_WARN_DOCUMENTATION_COMMENTS = YES;
				CLANG_WARN_EMPTY_BODY = YES;
				CLANG_WARN_ENUM_CONVERSION = YES;
				CLANG_WARN_INFINITE_RECURSION = YES;
				CLANG_WARN_INT_CONVERSION = YES;
				CLANG_WARN_NON_LITERAL_NULL_CONVERSION = YES;
				CLANG_WARN_OBJC_LITERAL_CONVERSION = YES;
				CLANG_WARN_OBJC_ROOT_CLASS = YES_ERROR;
				CLANG_WARN_RANGE_LOOP_ANALYSIS = YES;
				CLANG_WARN_STRICT_PROTOTYPES = YES;
				CLANG_WARN_SUSPICIOUS_MOVE = YES;
				CLANG_WARN_UNGUARDED_AVAILABILITY = YES_AGGRESSIVE;
				CLANG_WARN_UNREACHABLE_CODE = YES;
				CLANG_WARN__DUPLICATE_METHOD_MATCH = YES;
				CODE_SIGN_IDENTITY = "iPhone Developer";
				COPY_PHASE_STRIP = NO;
				DEBUG_INFORMATION_FORMAT = dwarf;
				ENABLE_STRICT_OBJC_MSGSEND = YES;
				ENABLE_TESTABILITY = YES;
				GCC_C_LANGUAGE_STANDARD = gnu11;
				GCC_DYNAMIC_NO_PIC = NO;
				GCC_NO_COMMON_BLOCKS = YES;
				GCC_OPTIMIZATION_LEVEL = 0;
				GCC_PREPROCESSOR_DEFINITIONS = (
					"DEBUG=1",
					"$(inherited)",
				);
				GCC_WARN_64_TO_32_BIT_CONVERSION = YES;
				GCC_WARN_ABOUT_RETURN_TYPE = YES_ERROR;
				GCC_WARN_UNDECLARED_SELECTOR = YES;
				GCC_WARN_UNINITIALIZED_AUTOS = YES_AGGRESSIVE;
				GCC_WARN_UNUSED_FUNCTION = YES;
				GCC_WARN_UNUSED_VARIABLE = YES;
				IPHONEOS_DEPLOYMENT_TARGET = 11.2;
				MTL_ENABLE_DEBUG_INFO = YES;
				ONLY_ACTIVE_ARCH = YES;
				SDKROOT = iphoneos;
				SWIFT_ACTIVE_COMPILATION_CONDITIONS = DEBUG;
				SWIFT_OPTIMIZATION_LEVEL = "-Onone";
			};
			name = Debug;
		};
		CB0C1497202FF41D00C6B78D /* Release */ = {
			isa = XCBuildConfiguration;
			buildSettings = {
				ALWAYS_SEARCH_USER_PATHS = NO;
				CLANG_ANALYZER_NONNULL = YES;
				CLANG_ANALYZER_NUMBER_OBJECT_CONVERSION = YES_AGGRESSIVE;
				CLANG_CXX_LANGUAGE_STANDARD = "gnu++14";
				CLANG_CXX_LIBRARY = "libc++";
				CLANG_ENABLE_MODULES = YES;
				CLANG_ENABLE_OBJC_ARC = YES;
				CLANG_WARN_BLOCK_CAPTURE_AUTORELEASING = YES;
				CLANG_WARN_BOOL_CONVERSION = YES;
				CLANG_WARN_COMMA = YES;
				CLANG_WARN_CONSTANT_CONVERSION = YES;
				CLANG_WARN_DIRECT_OBJC_ISA_USAGE = YES_ERROR;
				CLANG_WARN_DOCUMENTATION_COMMENTS = YES;
				CLANG_WARN_EMPTY_BODY = YES;
				CLANG_WARN_ENUM_CONVERSION = YES;
				CLANG_WARN_INFINITE_RECURSION = YES;
				CLANG_WARN_INT_CONVERSION = YES;
				CLANG_WARN_NON_LITERAL_NULL_CONVERSION = YES;
				CLANG_WARN_OBJC_LITERAL_CONVERSION = YES;
				CLANG_WARN_OBJC_ROOT_CLASS = YES_ERROR;
				CLANG_WARN_RANGE_LOOP_ANALYSIS = YES;
				CLANG_WARN_STRICT_PROTOTYPES = YES;
				CLANG_WARN_SUSPICIOUS_MOVE = YES;
				CLANG_WARN_UNGUARDED_AVAILABILITY = YES_AGGRESSIVE;
				CLANG_WARN_UNREACHABLE_CODE = YES;
				CLANG_WARN__DUPLICATE_METHOD_MATCH = YES;
				CODE_SIGN_IDENTITY = "iPhone Developer";
				COPY_PHASE_STRIP = NO;
				DEBUG_INFORMATION_FORMAT = "dwarf-with-dsym";
				ENABLE_NS_ASSERTIONS = NO;
				ENABLE_STRICT_OBJC_MSGSEND = YES;
				GCC_C_LANGUAGE_STANDARD = gnu11;
				GCC_NO_COMMON_BLOCKS = YES;
				GCC_WARN_64_TO_32_BIT_CONVERSION = YES;
				GCC_WARN_ABOUT_RETURN_TYPE = YES_ERROR;
				GCC_WARN_UNDECLARED_SELECTOR = YES;
				GCC_WARN_UNINITIALIZED_AUTOS = YES_AGGRESSIVE;
				GCC_WARN_UNUSED_FUNCTION = YES;
				GCC_WARN_UNUSED_VARIABLE = YES;
				IPHONEOS_DEPLOYMENT_TARGET = 11.2;
				MTL_ENABLE_DEBUG_INFO = NO;
				SDKROOT = iphoneos;
				SWIFT_OPTIMIZATION_LEVEL = "-Owholemodule";
				VALIDATE_PRODUCT = YES;
			};
			name = Release;
		};
		CB0C1499202FF41D00C6B78D /* Debug */ = {
			isa = XCBuildConfiguration;
			baseConfigurationReference = C3676BABB1B5A1454EBEECD1 /* Pods-UseRealm.debug.xcconfig */;
			buildSettings = {
				ASSETCATALOG_COMPILER_APPICON_NAME = AppIcon;
				CODE_SIGN_STYLE = Automatic;
				DEVELOPMENT_TEAM = 7HD34248KJ;
				INFOPLIST_FILE = UseRealm/Info.plist;
				LD_RUNPATH_SEARCH_PATHS = "$(inherited) @executable_path/Frameworks";
				PRODUCT_BUNDLE_IDENTIFIER = Mokumoku.UseRealm;
				PRODUCT_NAME = "$(TARGET_NAME)";
				SWIFT_VERSION = 4.0;
				TARGETED_DEVICE_FAMILY = "1,2";
			};
			name = Debug;
		};
		CB0C149A202FF41D00C6B78D /* Release */ = {
			isa = XCBuildConfiguration;
			baseConfigurationReference = 758787ADE05032C1A68FE40A /* Pods-UseRealm.release.xcconfig */;
			buildSettings = {
				ASSETCATALOG_COMPILER_APPICON_NAME = AppIcon;
				CODE_SIGN_STYLE = Automatic;
				DEVELOPMENT_TEAM = 7HD34248KJ;
				INFOPLIST_FILE = UseRealm/Info.plist;
				LD_RUNPATH_SEARCH_PATHS = "$(inherited) @executable_path/Frameworks";
				PRODUCT_BUNDLE_IDENTIFIER = Mokumoku.UseRealm;
				PRODUCT_NAME = "$(TARGET_NAME)";
				SWIFT_VERSION = 4.0;
				TARGETED_DEVICE_FAMILY = "1,2";
			};
			name = Release;
		};
/* End XCBuildConfiguration section */

/* Begin XCConfigurationList section */
		CB0C1481202FF41D00C6B78D /* Build configuration list for PBXProject "UseRealm" */ = {
			isa = XCConfigurationList;
			buildConfigurations = (
				CB0C1496202FF41D00C6B78D /* Debug */,
				CB0C1497202FF41D00C6B78D /* Release */,
			);
			defaultConfigurationIsVisible = 0;
			defaultConfigurationName = Release;
		};
		CB0C1498202FF41D00C6B78D /* Build configuration list for PBXNativeTarget "UseRealm" */ = {
			isa = XCConfigurationList;
			buildConfigurations = (
				CB0C1499202FF41D00C6B78D /* Debug */,
				CB0C149A202FF41D00C6B78D /* Release */,
			);
			defaultConfigurationIsVisible = 0;
			defaultConfigurationName = Release;
		};
/* End XCConfigurationList section */
	};
	rootObject = CB0C147E202FF41D00C6B78D /* Project object */;
}
