// !$*UTF8*$!
{
	archiveVersion = 1;
	classes = {
	};
	objectVersion = 48;
	objects = {

/* Begin PBXBuildFile section */
		CB3B889C200E3F8500ADC613 /* AppDelegate.swift in Sources */ = {isa = PBXBuildFile; fileRef = CB3B889B200E3F8500ADC613 /* AppDelegate.swift */; };
		CB3B889E200E3F8500ADC613 /* ViewController.swift in Sources */ = {isa = PBXBuildFile; fileRef = CB3B889D200E3F8500ADC613 /* ViewController.swift */; };
		CB3B88A1200E3F8500ADC613 /* Main.storyboard in Resources */ = {isa = PBXBuildFile; fileRef = CB3B889F200E3F8500ADC613 /* Main.storyboard */; };
		CB3B88A3200E3F8500ADC613 /* Assets.xcassets in Resources */ = {isa = PBXBuildFile; fileRef = CB3B88A2200E3F8500ADC613 /* Assets.xcassets */; };
		CB3B88A6200E3F8500ADC613 /* LaunchScreen.storyboard in Resources */ = {isa = PBXBuildFile; fileRef = CB3B88A4200E3F8500ADC613 /* LaunchScreen.storyboard */; };
/* End PBXBuildFile section */

/* Begin PBXFileReference section */
		CB3B8898200E3F8500ADC613 /* EstimateShineOfScreen.app */ = {isa = PBXFileReference; explicitFileType = wrapper.application; includeInIndex = 0; path = EstimateShineOfScreen.app; sourceTree = BUILT_PRODUCTS_DIR; };
		CB3B889B200E3F8500ADC613 /* AppDelegate.swift */ = {isa = PBXFileReference; lastKnownFileType = sourcecode.swift; path = AppDelegate.swift; sourceTree = "<group>"; };
		CB3B889D200E3F8500ADC613 /* ViewController.swift */ = {isa = PBXFileReference; lastKnownFileType = sourcecode.swift; path = ViewController.swift; sourceTree = "<group>"; };
		CB3B88A0200E3F8500ADC613 /* Base */ = {isa = PBXFileReference; lastKnownFileType = file.storyboard; name = Base; path = Base.lproj/Main.storyboard; sourceTree = "<group>"; };
		CB3B88A2200E3F8500ADC613 /* Assets.xcassets */ = {isa = PBXFileReference; lastKnownFileType = folder.assetcatalog; path = Assets.xcassets; sourceTree = "<group>"; };
		CB3B88A5200E3F8500ADC613 /* Base */ = {isa = PBXFileReference; lastKnownFileType = file.storyboard; name = Base; path = Base.lproj/LaunchScreen.storyboard; sourceTree = "<group>"; };
		CB3B88A7200E3F8500ADC613 /* Info.plist */ = {isa = PBXFileReference; lastKnownFileType = text.plist.xml; path = Info.plist; sourceTree = "<group>"; };
/* End PBXFileReference section */

/* Begin PBXFrameworksBuildPhase section */
		CB3B8895200E3F8500ADC613 /* Frameworks */ = {
			isa = PBXFrameworksBuildPhase;
			buildActionMask = 2147483647;
			files = (
			);
			runOnlyForDeploymentPostprocessing = 0;
		};
/* End PBXFrameworksBuildPhase section */

/* Begin PBXGroup section */
		CB3B888F200E3F8500ADC613 = {
			isa = PBXGroup;
			children = (
				CB3B889A200E3F8500ADC613 /* EstimateShineOfScreen */,
				CB3B8899200E3F8500ADC613 /* Products */,
			);
			sourceTree = "<group>";
		};
		CB3B8899200E3F8500ADC613 /* Products */ = {
			isa = PBXGroup;
			children = (
				CB3B8898200E3F8500ADC613 /* EstimateShineOfScreen.app */,
			);
			name = Products;
			sourceTree = "<group>";
		};
		CB3B889A200E3F8500ADC613 /* EstimateShineOfScreen */ = {
			isa = PBXGroup;
			children = (
				CB3B889B200E3F8500ADC613 /* AppDelegate.swift */,
				CB3B889D200E3F8500ADC613 /* ViewController.swift */,
				CB3B889F200E3F8500ADC613 /* Main.storyboard */,
				CB3B88A2200E3F8500ADC613 /* Assets.xcassets */,
				CB3B88A4200E3F8500ADC613 /* LaunchScreen.storyboard */,
				CB3B88A7200E3F8500ADC613 /* Info.plist */,
			);
			path = EstimateShineOfScreen;
			sourceTree = "<group>";
		};
/* End PBXGroup section */

/* Begin PBXNativeTarget section */
		CB3B8897200E3F8500ADC613 /* EstimateShineOfScreen */ = {
			isa = PBXNativeTarget;
			buildConfigurationList = CB3B88AA200E3F8500ADC613 /* Build configuration list for PBXNativeTarget "EstimateShineOfScreen" */;
			buildPhases = (
				CB3B8894200E3F8500ADC613 /* Sources */,
				CB3B8895200E3F8500ADC613 /* Frameworks */,
				CB3B8896200E3F8500ADC613 /* Resources */,
			);
			buildRules = (
			);
			dependencies = (
			);
			name = EstimateShineOfScreen;
			productName = EstimateShineOfScreen;
			productReference = CB3B8898200E3F8500ADC613 /* EstimateShineOfScreen.app */;
			productType = "com.apple.product-type.application";
		};
/* End PBXNativeTarget section */

/* Begin PBXProject section */
		CB3B8890200E3F8500ADC613 /* Project object */ = {
			isa = PBXProject;
			attributes = {
				LastSwiftUpdateCheck = 0920;
				LastUpgradeCheck = 0920;
				ORGANIZATIONNAME = "野崎勇樹";
				TargetAttributes = {
					CB3B8897200E3F8500ADC613 = {
						CreatedOnToolsVersion = 9.2;
						ProvisioningStyle = Automatic;
					};
				};
			};
			buildConfigurationList = CB3B8893200E3F8500ADC613 /* Build configuration list for PBXProject "EstimateShineOfScreen" */;
			compatibilityVersion = "Xcode 8.0";
			developmentRegion = en;
			hasScannedForEncodings = 0;
			knownRegions = (
				en,
				Base,
			);
			mainGroup = CB3B888F200E3F8500ADC613;
			productRefGroup = CB3B8899200E3F8500ADC613 /* Products */;
			projectDirPath = "";
			projectRoot = "";
			targets = (
				CB3B8897200E3F8500ADC613 /* EstimateShineOfScreen */,
			);
		};
/* End PBXProject section */

/* Begin PBXResourcesBuildPhase section */
		CB3B8896200E3F8500ADC613 /* Resources */ = {
			isa = PBXResourcesBuildPhase;
			buildActionMask = 2147483647;
			files = (
				CB3B88A6200E3F8500ADC613 /* LaunchScreen.storyboard in Resources */,
				CB3B88A3200E3F8500ADC613 /* Assets.xcassets in Resources */,
				CB3B88A1200E3F8500ADC613 /* Main.storyboard in Resources */,
			);
			runOnlyForDeploymentPostprocessing = 0;
		};
/* End PBXResourcesBuildPhase section */

/* Begin PBXSourcesBuildPhase section */
		CB3B8894200E3F8500ADC613 /* Sources */ = {
			isa = PBXSourcesBuildPhase;
			buildActionMask = 2147483647;
			files = (
				CB3B889E200E3F8500ADC613 /* ViewController.swift in Sources */,
				CB3B889C200E3F8500ADC613 /* AppDelegate.swift in Sources */,
			);
			runOnlyForDeploymentPostprocessing = 0;
		};
/* End PBXSourcesBuildPhase section */

/* Begin PBXVariantGroup section */
		CB3B889F200E3F8500ADC613 /* Main.storyboard */ = {
			isa = PBXVariantGroup;
			children = (
				CB3B88A0200E3F8500ADC613 /* Base */,
			);
			name = Main.storyboard;
			sourceTree = "<group>";
		};
		CB3B88A4200E3F8500ADC613 /* LaunchScreen.storyboard */ = {
			isa = PBXVariantGroup;
			children = (
				CB3B88A5200E3F8500ADC613 /* Base */,
			);
			name = LaunchScreen.storyboard;
			sourceTree = "<group>";
		};
/* End PBXVariantGroup section */

/* Begin XCBuildConfiguration section */
		CB3B88A8200E3F8500ADC613 /* Debug */ = {
			isa = XCBuildConfiguration;
			buildSettings = {
				ALWAYS_SEARCH_USER_PATHS = NO;
				CLANG_ANALYZER_NONNULL = YES;
				CLANG_ANALYZER_NUMBER_OBJECT_CONVERSION = YES_AGGRESSIVE;
				CLANG_CXX_LANGUAGE_STANDARD = "gnu++14";
				CLANG_CXX_LIBRARY = "libc++";
				CLANG_ENABLE_MODULES = YES;
				CLANG_ENABLE_OBJC_ARC = YES;
				CLANG_WARN_BLOCK_CAPTURE_AUTORELEASING = YES;
				CLANG_WARN_BOOL_CONVERSION = YES;
				CLANG_WARN_COMMA = YES;
				CLANG_WARN_CONSTANT_CONVERSION = YES;
				CLANG_WARN_DIRECT_OBJC_ISA_USAGE = YES_ERROR;
				CLANG_WARN_DOCUMENTATION_COMMENTS = YES;
				CLANG_WARN_EMPTY_BODY = YES;
				CLANG_WARN_ENUM_CONVERSION = YES;
				CLANG_WARN_INFINITE_RECURSION = YES;
				CLANG_WARN_INT_CONVERSION = YES;
				CLANG_WARN_NON_LITERAL_NULL_CONVERSION = YES;
				CLANG_WARN_OBJC_LITERAL_CONVERSION = YES;
				CLANG_WARN_OBJC_ROOT_CLASS = YES_ERROR;
				CLANG_WARN_RANGE_LOOP_ANALYSIS = YES;
				CLANG_WARN_STRICT_PROTOTYPES = YES;
				CLANG_WARN_SUSPICIOUS_MOVE = YES;
				CLANG_WARN_UNGUARDED_AVAILABILITY = YES_AGGRESSIVE;
				CLANG_WARN_UNREACHABLE_CODE = YES;
				CLANG_WARN__DUPLICATE_METHOD_MATCH = YES;
				CODE_SIGN_IDENTITY = "iPhone Developer";
				COPY_PHASE_STRIP = NO;
				DEBUG_INFORMATION_FORMAT = dwarf;
				ENABLE_STRICT_OBJC_MSGSEND = YES;
				ENABLE_TESTABILITY = YES;
				GCC_C_LANGUAGE_STANDARD = gnu11;
				GCC_DYNAMIC_NO_PIC = NO;
				GCC_NO_COMMON_BLOCKS = YES;
				GCC_OPTIMIZATION_LEVEL = 0;
				GCC_PREPROCESSOR_DEFINITIONS = (
					"DEBUG=1",
					"$(inherited)",
				);
				GCC_WARN_64_TO_32_BIT_CONVERSION = YES;
				GCC_WARN_ABOUT_RETURN_TYPE = YES_ERROR;
				GCC_WARN_UNDECLARED_SELECTOR = YES;
				GCC_WARN_UNINITIALIZED_AUTOS = YES_AGGRESSIVE;
				GCC_WARN_UNUSED_FUNCTION = YES;
				GCC_WARN_UNUSED_VARIABLE = YES;
				IPHONEOS_DEPLOYMENT_TARGET = 11.2;
				MTL_ENABLE_DEBUG_INFO = YES;
				ONLY_ACTIVE_ARCH = YES;
				SDKROOT = iphoneos;
				SWIFT_ACTIVE_COMPILATION_CONDITIONS = DEBUG;
				SWIFT_OPTIMIZATION_LEVEL = "-Onone";
			};
			name = Debug;
		};
		CB3B88A9200E3F8500ADC613 /* Release */ = {
			isa = XCBuildConfiguration;
			buildSettings = {
				ALWAYS_SEARCH_USER_PATHS = NO;
				CLANG_ANALYZER_NONNULL = YES;
				CLANG_ANALYZER_NUMBER_OBJECT_CONVERSION = YES_AGGRESSIVE;
				CLANG_CXX_LANGUAGE_STANDARD = "gnu++14";
				CLANG_CXX_LIBRARY = "libc++";
				CLANG_ENABLE_MODULES = YES;
				CLANG_ENABLE_OBJC_ARC = YES;
				CLANG_WARN_BLOCK_CAPTURE_AUTORELEASING = YES;
				CLANG_WARN_BOOL_CONVERSION = YES;
				CLANG_WARN_COMMA = YES;
				CLANG_WARN_CONSTANT_CONVERSION = YES;
				CLANG_WARN_DIRECT_OBJC_ISA_USAGE = YES_ERROR;
				CLANG_WARN_DOCUMENTATION_COMMENTS = YES;
				CLANG_WARN_EMPTY_BODY = YES;
				CLANG_WARN_ENUM_CONVERSION = YES;
				CLANG_WARN_INFINITE_RECURSION = YES;
				CLANG_WARN_INT_CONVERSION = YES;
				CLANG_WARN_NON_LITERAL_NULL_CONVERSION = YES;
				CLANG_WARN_OBJC_LITERAL_CONVERSION = YES;
				CLANG_WARN_OBJC_ROOT_CLASS = YES_ERROR;
				CLANG_WARN_RANGE_LOOP_ANALYSIS = YES;
				CLANG_WARN_STRICT_PROTOTYPES = YES;
				CLANG_WARN_SUSPICIOUS_MOVE = YES;
				CLANG_WARN_UNGUARDED_AVAILABILITY = YES_AGGRESSIVE;
				CLANG_WARN_UNREACHABLE_CODE = YES;
				CLANG_WARN__DUPLICATE_METHOD_MATCH = YES;
				CODE_SIGN_IDENTITY = "iPhone Developer";
				COPY_PHASE_STRIP = NO;
				DEBUG_INFORMATION_FORMAT = "dwarf-with-dsym";
				ENABLE_NS_ASSERTIONS = NO;
				ENABLE_STRICT_OBJC_MSGSEND = YES;
				GCC_C_LANGUAGE_STANDARD = gnu11;
				GCC_NO_COMMON_BLOCKS = YES;
				GCC_WARN_64_TO_32_BIT_CONVERSION = YES;
				GCC_WARN_ABOUT_RETURN_TYPE = YES_ERROR;
				GCC_WARN_UNDECLARED_SELECTOR = YES;
				GCC_WARN_UNINITIALIZED_AUTOS = YES_AGGRESSIVE;
				GCC_WARN_UNUSED_FUNCTION = YES;
				GCC_WARN_UNUSED_VARIABLE = YES;
				IPHONEOS_DEPLOYMENT_TARGET = 11.2;
				MTL_ENABLE_DEBUG_INFO = NO;
				SDKROOT = iphoneos;
				SWIFT_OPTIMIZATION_LEVEL = "-Owholemodule";
				VALIDATE_PRODUCT = YES;
			};
			name = Release;
		};
		CB3B88AB200E3F8500ADC613 /* Debug */ = {
			isa = XCBuildConfiguration;
			buildSettings = {
				ASSETCATALOG_COMPILER_APPICON_NAME = AppIcon;
				CODE_SIGN_STYLE = Automatic;
				DEVELOPMENT_TEAM = 7HD34248KJ;
				INFOPLIST_FILE = EstimateShineOfScreen/Info.plist;
				LD_RUNPATH_SEARCH_PATHS = "$(inherited) @executable_path/Frameworks";
				PRODUCT_BUNDLE_IDENTIFIER = Mokumoku.EstimateShineOfScreen;
				PRODUCT_NAME = "$(TARGET_NAME)";
				SWIFT_VERSION = 4.0;
				TARGETED_DEVICE_FAMILY = "1,2";
			};
			name = Debug;
		};
		CB3B88AC200E3F8500ADC613 /* Release */ = {
			isa = XCBuildConfiguration;
			buildSettings = {
				ASSETCATALOG_COMPILER_APPICON_NAME = AppIcon;
				CODE_SIGN_STYLE = Automatic;
				DEVELOPMENT_TEAM = 7HD34248KJ;
				INFOPLIST_FILE = EstimateShineOfScreen/Info.plist;
				LD_RUNPATH_SEARCH_PATHS = "$(inherited) @executable_path/Frameworks";
				PRODUCT_BUNDLE_IDENTIFIER = Mokumoku.EstimateShineOfScreen;
				PRODUCT_NAME = "$(TARGET_NAME)";
				SWIFT_VERSION = 4.0;
				TARGETED_DEVICE_FAMILY = "1,2";
			};
			name = Release;
		};
/* End XCBuildConfiguration section */

/* Begin XCConfigurationList section */
		CB3B8893200E3F8500ADC613 /* Build configuration list for PBXProject "EstimateShineOfScreen" */ = {
			isa = XCConfigurationList;
			buildConfigurations = (
				CB3B88A8200E3F8500ADC613 /* Debug */,
				CB3B88A9200E3F8500ADC613 /* Release */,
			);
			defaultConfigurationIsVisible = 0;
			defaultConfigurationName = Release;
		};
		CB3B88AA200E3F8500ADC613 /* Build configuration list for PBXNativeTarget "EstimateShineOfScreen" */ = {
			isa = XCConfigurationList;
			buildConfigurations = (
				CB3B88AB200E3F8500ADC613 /* Debug */,
				CB3B88AC200E3F8500ADC613 /* Release */,
			);
			defaultConfigurationIsVisible = 0;
			defaultConfigurationName = Release;
		};
/* End XCConfigurationList section */
	};
	rootObject = CB3B8890200E3F8500ADC613 /* Project object */;
}
